// !$*UTF8*$!
{
	archiveVersion = 1;
	classes = {
	};
	objectVersion = 55;
	objects = {

/* Begin PBXBuildFile section */
		AB163C0528B0042200307A79 /* NetworkingManager.swift in Sources */ = {isa = PBXBuildFile; fileRef = AB163C0428B0042200307A79 /* NetworkingManager.swift */; };
		AB45277228A2D54100BC7156 /* PeopleApp.swift in Sources */ = {isa = PBXBuildFile; fileRef = AB45277128A2D54100BC7156 /* PeopleApp.swift */; };
		AB45277428A2D54100BC7156 /* ContentView.swift in Sources */ = {isa = PBXBuildFile; fileRef = AB45277328A2D54100BC7156 /* ContentView.swift */; };
		AB45277628A2D54400BC7156 /* Assets.xcassets in Resources */ = {isa = PBXBuildFile; fileRef = AB45277528A2D54400BC7156 /* Assets.xcassets */; };
		AB45277928A2D54400BC7156 /* Preview Assets.xcassets in Resources */ = {isa = PBXBuildFile; fileRef = AB45277828A2D54400BC7156 /* Preview Assets.xcassets */; };
		AB45278028A2D95B00BC7156 /* Symbols.swift in Sources */ = {isa = PBXBuildFile; fileRef = AB45277F28A2D95B00BC7156 /* Symbols.swift */; };
		AB45278328A2DB0800BC7156 /* Theme.swift in Sources */ = {isa = PBXBuildFile; fileRef = AB45278228A2DB0800BC7156 /* Theme.swift */; };
		AB94C30A28B2B1C0005BF1DA /* PeopleViewModel.swift in Sources */ = {isa = PBXBuildFile; fileRef = AB94C30928B2B1C0005BF1DA /* PeopleViewModel.swift */; };
		AB94C30D28B2B60B005BF1DA /* DetailViewModel.swift in Sources */ = {isa = PBXBuildFile; fileRef = AB94C30C28B2B60B005BF1DA /* DetailViewModel.swift */; };
		AB94C30F28B4218B005BF1DA /* NewPerson.swift in Sources */ = {isa = PBXBuildFile; fileRef = AB94C30E28B4218B005BF1DA /* NewPerson.swift */; };
		AB94C31428B4243F005BF1DA /* CreateViewModel.swift in Sources */ = {isa = PBXBuildFile; fileRef = AB94C31328B4243F005BF1DA /* CreateViewModel.swift */; };
		ABDD414328B6C46E00670CC2 /* CheckmarkView.swift in Sources */ = {isa = PBXBuildFile; fileRef = ABDD414228B6C46E00670CC2 /* CheckmarkView.swift */; };
		ABDEF4A128AEFF5D009E332C /* CreateView.swift in Sources */ = {isa = PBXBuildFile; fileRef = ABDEF4A028AEFF5D009E332C /* CreateView.swift */; };
		ABF81D1A28A822C0004212FA /* SingleUser.json in Resources */ = {isa = PBXBuildFile; fileRef = ABF81D1928A822C0004212FA /* SingleUser.json */; };
		ABF81D1C28A822D0004212FA /* Users.json in Resources */ = {isa = PBXBuildFile; fileRef = ABF81D1B28A822D0004212FA /* Users.json */; };
		ABF81D1F28A8238F004212FA /* UserDetail.swift in Sources */ = {isa = PBXBuildFile; fileRef = ABF81D1E28A8238F004212FA /* UserDetail.swift */; };
		ABF81D2128A823C1004212FA /* UsersResponse.swift in Sources */ = {isa = PBXBuildFile; fileRef = ABF81D2028A823C1004212FA /* UsersResponse.swift */; };
		ABF81D2428A8243A004212FA /* User.swift in Sources */ = {isa = PBXBuildFile; fileRef = ABF81D2328A8243A004212FA /* User.swift */; };
		ABF81D2728A82462004212FA /* StaticJSONMapper.swift in Sources */ = {isa = PBXBuildFile; fileRef = ABF81D2628A82462004212FA /* StaticJSONMapper.swift */; };
		ABF81D2928A9AE6E004212FA /* PeopleView.swift in Sources */ = {isa = PBXBuildFile; fileRef = ABF81D2828A9AE6E004212FA /* PeopleView.swift */; };
		ABF81D2B28A9B615004212FA /* PersonCellView.swift in Sources */ = {isa = PBXBuildFile; fileRef = ABF81D2A28A9B615004212FA /* PersonCellView.swift */; };
		ABF81D2E28A9B76E004212FA /* PillView.swift in Sources */ = {isa = PBXBuildFile; fileRef = ABF81D2D28A9B76E004212FA /* PillView.swift */; };
		ABF81D3128AABE2A004212FA /* PreviewProvider.swift in Sources */ = {isa = PBXBuildFile; fileRef = ABF81D3028AABE2A004212FA /* PreviewProvider.swift */; };
		ABF81D3628AABF8D004212FA /* DetailView.swift in Sources */ = {isa = PBXBuildFile; fileRef = ABF81D3528AABF8C004212FA /* DetailView.swift */; };
/* End PBXBuildFile section */

/* Begin PBXFileReference section */
		AB163C0428B0042200307A79 /* NetworkingManager.swift */ = {isa = PBXFileReference; lastKnownFileType = sourcecode.swift; path = NetworkingManager.swift; sourceTree = "<group>"; };
		AB45276E28A2D54100BC7156 /* People.app */ = {isa = PBXFileReference; explicitFileType = wrapper.application; includeInIndex = 0; path = People.app; sourceTree = BUILT_PRODUCTS_DIR; };
		AB45277128A2D54100BC7156 /* PeopleApp.swift */ = {isa = PBXFileReference; lastKnownFileType = sourcecode.swift; path = PeopleApp.swift; sourceTree = "<group>"; };
		AB45277328A2D54100BC7156 /* ContentView.swift */ = {isa = PBXFileReference; lastKnownFileType = sourcecode.swift; path = ContentView.swift; sourceTree = "<group>"; };
		AB45277528A2D54400BC7156 /* Assets.xcassets */ = {isa = PBXFileReference; lastKnownFileType = folder.assetcatalog; path = Assets.xcassets; sourceTree = "<group>"; };
		AB45277828A2D54400BC7156 /* Preview Assets.xcassets */ = {isa = PBXFileReference; lastKnownFileType = folder.assetcatalog; path = "Preview Assets.xcassets"; sourceTree = "<group>"; };
		AB45277F28A2D95B00BC7156 /* Symbols.swift */ = {isa = PBXFileReference; lastKnownFileType = sourcecode.swift; path = Symbols.swift; sourceTree = "<group>"; };
		AB45278228A2DB0800BC7156 /* Theme.swift */ = {isa = PBXFileReference; lastKnownFileType = sourcecode.swift; path = Theme.swift; sourceTree = "<group>"; };
		AB94C30928B2B1C0005BF1DA /* PeopleViewModel.swift */ = {isa = PBXFileReference; lastKnownFileType = sourcecode.swift; path = PeopleViewModel.swift; sourceTree = "<group>"; };
		AB94C30C28B2B60B005BF1DA /* DetailViewModel.swift */ = {isa = PBXFileReference; lastKnownFileType = sourcecode.swift; path = DetailViewModel.swift; sourceTree = "<group>"; };
		AB94C30E28B4218B005BF1DA /* NewPerson.swift */ = {isa = PBXFileReference; lastKnownFileType = sourcecode.swift; path = NewPerson.swift; sourceTree = "<group>"; };
		AB94C31328B4243F005BF1DA /* CreateViewModel.swift */ = {isa = PBXFileReference; lastKnownFileType = sourcecode.swift; path = CreateViewModel.swift; sourceTree = "<group>"; };
		ABBBCE7C28A81585009B7580 /* Info.plist */ = {isa = PBXFileReference; lastKnownFileType = text.plist; path = Info.plist; sourceTree = "<group>"; };
		ABDD414228B6C46E00670CC2 /* CheckmarkView.swift */ = {isa = PBXFileReference; lastKnownFileType = sourcecode.swift; path = CheckmarkView.swift; sourceTree = "<group>"; };
		ABDEF4A028AEFF5D009E332C /* CreateView.swift */ = {isa = PBXFileReference; lastKnownFileType = sourcecode.swift; path = CreateView.swift; sourceTree = "<group>"; };
		ABF81D1928A822C0004212FA /* SingleUser.json */ = {isa = PBXFileReference; lastKnownFileType = text.json; path = SingleUser.json; sourceTree = "<group>"; };
		ABF81D1B28A822D0004212FA /* Users.json */ = {isa = PBXFileReference; lastKnownFileType = text.json; path = Users.json; sourceTree = "<group>"; };
		ABF81D1E28A8238F004212FA /* UserDetail.swift */ = {isa = PBXFileReference; lastKnownFileType = sourcecode.swift; path = UserDetail.swift; sourceTree = "<group>"; };
		ABF81D2028A823C1004212FA /* UsersResponse.swift */ = {isa = PBXFileReference; lastKnownFileType = sourcecode.swift; path = UsersResponse.swift; sourceTree = "<group>"; };
		ABF81D2328A8243A004212FA /* User.swift */ = {isa = PBXFileReference; lastKnownFileType = sourcecode.swift; path = User.swift; sourceTree = "<group>"; };
		ABF81D2628A82462004212FA /* StaticJSONMapper.swift */ = {isa = PBXFileReference; lastKnownFileType = sourcecode.swift; path = StaticJSONMapper.swift; sourceTree = "<group>"; };
		ABF81D2828A9AE6E004212FA /* PeopleView.swift */ = {isa = PBXFileReference; lastKnownFileType = sourcecode.swift; path = PeopleView.swift; sourceTree = "<group>"; };
		ABF81D2A28A9B615004212FA /* PersonCellView.swift */ = {isa = PBXFileReference; lastKnownFileType = sourcecode.swift; path = PersonCellView.swift; sourceTree = "<group>"; };
		ABF81D2D28A9B76E004212FA /* PillView.swift */ = {isa = PBXFileReference; lastKnownFileType = sourcecode.swift; path = PillView.swift; sourceTree = "<group>"; };
		ABF81D3028AABE2A004212FA /* PreviewProvider.swift */ = {isa = PBXFileReference; lastKnownFileType = sourcecode.swift; path = PreviewProvider.swift; sourceTree = "<group>"; };
		ABF81D3528AABF8C004212FA /* DetailView.swift */ = {isa = PBXFileReference; lastKnownFileType = sourcecode.swift; path = DetailView.swift; sourceTree = "<group>"; };
/* End PBXFileReference section */

/* Begin PBXFrameworksBuildPhase section */
		AB45276B28A2D54100BC7156 /* Frameworks */ = {
			isa = PBXFrameworksBuildPhase;
			buildActionMask = 2147483647;
			files = (
			);
			runOnlyForDeploymentPostprocessing = 0;
		};
/* End PBXFrameworksBuildPhase section */

/* Begin PBXGroup section */
		AB163C0328B0041500307A79 /* API */ = {
			isa = PBXGroup;
			children = (
				AB163C0428B0042200307A79 /* NetworkingManager.swift */,
			);
			path = API;
			sourceTree = "<group>";
		};
		AB45276528A2D54100BC7156 = {
			isa = PBXGroup;
			children = (
				AB45277028A2D54100BC7156 /* People */,
				AB45276F28A2D54100BC7156 /* Products */,
			);
			sourceTree = "<group>";
		};
		AB45276F28A2D54100BC7156 /* Products */ = {
			isa = PBXGroup;
			children = (
				AB45276E28A2D54100BC7156 /* People.app */,
			);
			name = Products;
			sourceTree = "<group>";
		};
		AB45277028A2D54100BC7156 /* People */ = {
			isa = PBXGroup;
			children = (
				ABBBCE7C28A81585009B7580 /* Info.plist */,
				ABBBCE7428A813AC009B7580 /* Features */,
				ABBBCE7328A813A7009B7580 /* Base */,
				AB45278128A2D95E00BC7156 /* Resources */,
				AB45277128A2D54100BC7156 /* PeopleApp.swift */,
				AB45277328A2D54100BC7156 /* ContentView.swift */,
				AB45277528A2D54400BC7156 /* Assets.xcassets */,
				AB45277728A2D54400BC7156 /* Preview Content */,
			);
			path = People;
			sourceTree = "<group>";
		};
		AB45277728A2D54400BC7156 /* Preview Content */ = {
			isa = PBXGroup;
			children = (
				AB45277828A2D54400BC7156 /* Preview Assets.xcassets */,
			);
			path = "Preview Content";
			sourceTree = "<group>";
		};
		AB45278128A2D95E00BC7156 /* Resources */ = {
			isa = PBXGroup;
			children = (
				ABF81D2F28AABE0C004212FA /* Extensions */,
				ABF81D1628A82209004212FA /* JSON */,
				AB45277F28A2D95B00BC7156 /* Symbols.swift */,
				AB45278228A2DB0800BC7156 /* Theme.swift */,
			);
			path = Resources;
			sourceTree = "<group>";
		};
		AB94C30B28B2B5FD005BF1DA /* ViewModels */ = {
			isa = PBXGroup;
			children = (
				AB94C30C28B2B60B005BF1DA /* DetailViewModel.swift */,
			);
			path = ViewModels;
			sourceTree = "<group>";
		};
		AB94C31028B42424005BF1DA /* Model */ = {
			isa = PBXGroup;
			children = (
				AB94C30E28B4218B005BF1DA /* NewPerson.swift */,
			);
			path = Model;
			sourceTree = "<group>";
		};
		AB94C31128B4242A005BF1DA /* View */ = {
			isa = PBXGroup;
			children = (
				ABDEF4A028AEFF5D009E332C /* CreateView.swift */,
			);
			path = View;
			sourceTree = "<group>";
		};
		AB94C31228B4242E005BF1DA /* ViewModel */ = {
			isa = PBXGroup;
			children = (
				AB94C31328B4243F005BF1DA /* CreateViewModel.swift */,
			);
			path = ViewModel;
			sourceTree = "<group>";
		};
		ABBBCE7328A813A7009B7580 /* Base */ = {
			isa = PBXGroup;
			children = (
				AB163C0328B0041500307A79 /* API */,
				ABF81D2C28A9B764004212FA /* Views */,
				ABF81D2528A82453004212FA /* Mapper */,
				ABF81D2228A82432004212FA /* Model */,
			);
			path = Base;
			sourceTree = "<group>";
		};
		ABBBCE7428A813AC009B7580 /* Features */ = {
			isa = PBXGroup;
			children = (
				ABBBCE7828A813BF009B7580 /* Settings */,
				ABBBCE7728A813BB009B7580 /* Detail */,
				ABBBCE7628A813B5009B7580 /* Create */,
				ABBBCE7528A813B0009B7580 /* People */,
			);
			path = Features;
			sourceTree = "<group>";
		};
		ABBBCE7528A813B0009B7580 /* People */ = {
			isa = PBXGroup;
			children = (
				ABBBCE7B28A813D0009B7580 /* ViewModels */,
				ABBBCE7A28A813CC009B7580 /* Model */,
				ABBBCE7928A813C6009B7580 /* Views */,
			);
			path = People;
			sourceTree = "<group>";
		};
		ABBBCE7628A813B5009B7580 /* Create */ = {
			isa = PBXGroup;
			children = (
				AB94C31228B4242E005BF1DA /* ViewModel */,
				AB94C31128B4242A005BF1DA /* View */,
				AB94C31028B42424005BF1DA /* Model */,
			);
			path = Create;
			sourceTree = "<group>";
		};
		ABBBCE7728A813BB009B7580 /* Detail */ = {
			isa = PBXGroup;
			children = (
				AB94C30B28B2B5FD005BF1DA /* ViewModels */,
				ABF81D3228AABF71004212FA /* Views */,
				ABF81D1D28A82383004212FA /* Model */,
			);
			path = Detail;
			sourceTree = "<group>";
		};
		ABBBCE7828A813BF009B7580 /* Settings */ = {
			isa = PBXGroup;
			children = (
			);
			path = Settings;
			sourceTree = "<group>";
		};
		ABBBCE7928A813C6009B7580 /* Views */ = {
			isa = PBXGroup;
			children = (
				ABF81D2828A9AE6E004212FA /* PeopleView.swift */,
				ABF81D2A28A9B615004212FA /* PersonCellView.swift */,
			);
			path = Views;
			sourceTree = "<group>";
		};
		ABBBCE7A28A813CC009B7580 /* Model */ = {
			isa = PBXGroup;
			children = (
				ABF81D2028A823C1004212FA /* UsersResponse.swift */,
			);
			path = Model;
			sourceTree = "<group>";
		};
		ABBBCE7B28A813D0009B7580 /* ViewModels */ = {
			isa = PBXGroup;
			children = (
				AB94C30928B2B1C0005BF1DA /* PeopleViewModel.swift */,
			);
			path = ViewModels;
			sourceTree = "<group>";
		};
		ABF81D1628A82209004212FA /* JSON */ = {
			isa = PBXGroup;
			children = (
				ABF81D1928A822C0004212FA /* SingleUser.json */,
				ABF81D1B28A822D0004212FA /* Users.json */,
			);
			path = JSON;
			sourceTree = "<group>";
		};
		ABF81D1D28A82383004212FA /* Model */ = {
			isa = PBXGroup;
			children = (
				ABF81D1E28A8238F004212FA /* UserDetail.swift */,
			);
			path = Model;
			sourceTree = "<group>";
		};
		ABF81D2228A82432004212FA /* Model */ = {
			isa = PBXGroup;
			children = (
				ABF81D2328A8243A004212FA /* User.swift */,
			);
			path = Model;
			sourceTree = "<group>";
		};
		ABF81D2528A82453004212FA /* Mapper */ = {
			isa = PBXGroup;
			children = (
				ABF81D2628A82462004212FA /* StaticJSONMapper.swift */,
			);
			path = Mapper;
			sourceTree = "<group>";
		};
		ABF81D2C28A9B764004212FA /* Views */ = {
			isa = PBXGroup;
			children = (
				ABF81D2D28A9B76E004212FA /* PillView.swift */,
				ABDD414228B6C46E00670CC2 /* CheckmarkView.swift */,
			);
			path = Views;
			sourceTree = "<group>";
		};
		ABF81D2F28AABE0C004212FA /* Extensions */ = {
			isa = PBXGroup;
			children = (
				ABF81D3028AABE2A004212FA /* PreviewProvider.swift */,
			);
			path = Extensions;
			sourceTree = "<group>";
		};
		ABF81D3228AABF71004212FA /* Views */ = {
			isa = PBXGroup;
			children = (
				ABF81D3528AABF8C004212FA /* DetailView.swift */,
			);
			path = Views;
			sourceTree = "<group>";
		};
/* End PBXGroup section */

/* Begin PBXNativeTarget section */
		AB45276D28A2D54100BC7156 /* People */ = {
			isa = PBXNativeTarget;
			buildConfigurationList = AB45277C28A2D54400BC7156 /* Build configuration list for PBXNativeTarget "People" */;
			buildPhases = (
				AB45276A28A2D54100BC7156 /* Sources */,
				AB45276B28A2D54100BC7156 /* Frameworks */,
				AB45276C28A2D54100BC7156 /* Resources */,
			);
			buildRules = (
			);
			dependencies = (
			);
			name = People;
			productName = People;
			productReference = AB45276E28A2D54100BC7156 /* People.app */;
			productType = "com.apple.product-type.application";
		};
/* End PBXNativeTarget section */

/* Begin PBXProject section */
		AB45276628A2D54100BC7156 /* Project object */ = {
			isa = PBXProject;
			attributes = {
				BuildIndependentTargetsInParallel = 1;
				LastSwiftUpdateCheck = 1340;
				LastUpgradeCheck = 1340;
				TargetAttributes = {
					AB45276D28A2D54100BC7156 = {
						CreatedOnToolsVersion = 13.4.1;
					};
				};
			};
			buildConfigurationList = AB45276928A2D54100BC7156 /* Build configuration list for PBXProject "People" */;
			compatibilityVersion = "Xcode 13.0";
			developmentRegion = en;
			hasScannedForEncodings = 0;
			knownRegions = (
				en,
				Base,
			);
			mainGroup = AB45276528A2D54100BC7156;
			productRefGroup = AB45276F28A2D54100BC7156 /* Products */;
			projectDirPath = "";
			projectRoot = "";
			targets = (
				AB45276D28A2D54100BC7156 /* People */,
			);
		};
/* End PBXProject section */

/* Begin PBXResourcesBuildPhase section */
		AB45276C28A2D54100BC7156 /* Resources */ = {
			isa = PBXResourcesBuildPhase;
			buildActionMask = 2147483647;
			files = (
				AB45277928A2D54400BC7156 /* Preview Assets.xcassets in Resources */,
				ABF81D1A28A822C0004212FA /* SingleUser.json in Resources */,
				ABF81D1C28A822D0004212FA /* Users.json in Resources */,
				AB45277628A2D54400BC7156 /* Assets.xcassets in Resources */,
			);
			runOnlyForDeploymentPostprocessing = 0;
		};
/* End PBXResourcesBuildPhase section */

/* Begin PBXSourcesBuildPhase section */
		AB45276A28A2D54100BC7156 /* Sources */ = {
			isa = PBXSourcesBuildPhase;
			buildActionMask = 2147483647;
			files = (
				AB94C30D28B2B60B005BF1DA /* DetailViewModel.swift in Sources */,
				ABF81D2728A82462004212FA /* StaticJSONMapper.swift in Sources */,
				AB94C30A28B2B1C0005BF1DA /* PeopleViewModel.swift in Sources */,
				ABF81D3128AABE2A004212FA /* PreviewProvider.swift in Sources */,
				AB45278028A2D95B00BC7156 /* Symbols.swift in Sources */,
				AB94C31428B4243F005BF1DA /* CreateViewModel.swift in Sources */,
				AB163C0528B0042200307A79 /* NetworkingManager.swift in Sources */,
				ABF81D2928A9AE6E004212FA /* PeopleView.swift in Sources */,
				ABDEF4A128AEFF5D009E332C /* CreateView.swift in Sources */,
				AB45278328A2DB0800BC7156 /* Theme.swift in Sources */,
				AB45277428A2D54100BC7156 /* ContentView.swift in Sources */,
				ABF81D1F28A8238F004212FA /* UserDetail.swift in Sources */,
				AB94C30F28B4218B005BF1DA /* NewPerson.swift in Sources */,
				ABF81D3628AABF8D004212FA /* DetailView.swift in Sources */,
				ABF81D2E28A9B76E004212FA /* PillView.swift in Sources */,
				ABF81D2B28A9B615004212FA /* PersonCellView.swift in Sources */,
				AB45277228A2D54100BC7156 /* PeopleApp.swift in Sources */,
				ABF81D2128A823C1004212FA /* UsersResponse.swift in Sources */,
				ABDD414328B6C46E00670CC2 /* CheckmarkView.swift in Sources */,
				ABF81D2428A8243A004212FA /* User.swift in Sources */,
			);
			runOnlyForDeploymentPostprocessing = 0;
		};
/* End PBXSourcesBuildPhase section */

/* Begin XCBuildConfiguration section */
		AB45277A28A2D54400BC7156 /* Debug */ = {
			isa = XCBuildConfiguration;
			buildSettings = {
				ALWAYS_SEARCH_USER_PATHS = NO;
				CLANG_ANALYZER_NONNULL = YES;
				CLANG_ANALYZER_NUMBER_OBJECT_CONVERSION = YES_AGGRESSIVE;
				CLANG_CXX_LANGUAGE_STANDARD = "gnu++17";
				CLANG_ENABLE_MODULES = YES;
				CLANG_ENABLE_OBJC_ARC = YES;
				CLANG_ENABLE_OBJC_WEAK = YES;
				CLANG_WARN_BLOCK_CAPTURE_AUTORELEASING = YES;
				CLANG_WARN_BOOL_CONVERSION = YES;
				CLANG_WARN_COMMA = YES;
				CLANG_WARN_CONSTANT_CONVERSION = YES;
				CLANG_WARN_DEPRECATED_OBJC_IMPLEMENTATIONS = YES;
				CLANG_WARN_DIRECT_OBJC_ISA_USAGE = YES_ERROR;
				CLANG_WARN_DOCUMENTATION_COMMENTS = YES;
				CLANG_WARN_EMPTY_BODY = YES;
				CLANG_WARN_ENUM_CONVERSION = YES;
				CLANG_WARN_INFINITE_RECURSION = YES;
				CLANG_WARN_INT_CONVERSION = YES;
				CLANG_WARN_NON_LITERAL_NULL_CONVERSION = YES;
				CLANG_WARN_OBJC_IMPLICIT_RETAIN_SELF = YES;
				CLANG_WARN_OBJC_LITERAL_CONVERSION = YES;
				CLANG_WARN_OBJC_ROOT_CLASS = YES_ERROR;
				CLANG_WARN_QUOTED_INCLUDE_IN_FRAMEWORK_HEADER = YES;
				CLANG_WARN_RANGE_LOOP_ANALYSIS = YES;
				CLANG_WARN_STRICT_PROTOTYPES = YES;
				CLANG_WARN_SUSPICIOUS_MOVE = YES;
				CLANG_WARN_UNGUARDED_AVAILABILITY = YES_AGGRESSIVE;
				CLANG_WARN_UNREACHABLE_CODE = YES;
				CLANG_WARN__DUPLICATE_METHOD_MATCH = YES;
				COPY_PHASE_STRIP = NO;
				DEBUG_INFORMATION_FORMAT = dwarf;
				ENABLE_STRICT_OBJC_MSGSEND = YES;
				ENABLE_TESTABILITY = YES;
				GCC_C_LANGUAGE_STANDARD = gnu11;
				GCC_DYNAMIC_NO_PIC = NO;
				GCC_NO_COMMON_BLOCKS = YES;
				GCC_OPTIMIZATION_LEVEL = 0;
				GCC_PREPROCESSOR_DEFINITIONS = (
					"DEBUG=1",
					"$(inherited)",
				);
				GCC_WARN_64_TO_32_BIT_CONVERSION = YES;
				GCC_WARN_ABOUT_RETURN_TYPE = YES_ERROR;
				GCC_WARN_UNDECLARED_SELECTOR = YES;
				GCC_WARN_UNINITIALIZED_AUTOS = YES_AGGRESSIVE;
				GCC_WARN_UNUSED_FUNCTION = YES;
				GCC_WARN_UNUSED_VARIABLE = YES;
				IPHONEOS_DEPLOYMENT_TARGET = 15.5;
				MTL_ENABLE_DEBUG_INFO = INCLUDE_SOURCE;
				MTL_FAST_MATH = YES;
				ONLY_ACTIVE_ARCH = YES;
				SDKROOT = iphoneos;
				SWIFT_ACTIVE_COMPILATION_CONDITIONS = DEBUG;
				SWIFT_OPTIMIZATION_LEVEL = "-Onone";
			};
			name = Debug;
		};
		AB45277B28A2D54400BC7156 /* Release */ = {
			isa = XCBuildConfiguration;
			buildSettings = {
				ALWAYS_SEARCH_USER_PATHS = NO;
				CLANG_ANALYZER_NONNULL = YES;
				CLANG_ANALYZER_NUMBER_OBJECT_CONVERSION = YES_AGGRESSIVE;
				CLANG_CXX_LANGUAGE_STANDARD = "gnu++17";
				CLANG_ENABLE_MODULES = YES;
				CLANG_ENABLE_OBJC_ARC = YES;
				CLANG_ENABLE_OBJC_WEAK = YES;
				CLANG_WARN_BLOCK_CAPTURE_AUTORELEASING = YES;
				CLANG_WARN_BOOL_CONVERSION = YES;
				CLANG_WARN_COMMA = YES;
				CLANG_WARN_CONSTANT_CONVERSION = YES;
				CLANG_WARN_DEPRECATED_OBJC_IMPLEMENTATIONS = YES;
				CLANG_WARN_DIRECT_OBJC_ISA_USAGE = YES_ERROR;
				CLANG_WARN_DOCUMENTATION_COMMENTS = YES;
				CLANG_WARN_EMPTY_BODY = YES;
				CLANG_WARN_ENUM_CONVERSION = YES;
				CLANG_WARN_INFINITE_RECURSION = YES;
				CLANG_WARN_INT_CONVERSION = YES;
				CLANG_WARN_NON_LITERAL_NULL_CONVERSION = YES;
				CLANG_WARN_OBJC_IMPLICIT_RETAIN_SELF = YES;
				CLANG_WARN_OBJC_LITERAL_CONVERSION = YES;
				CLANG_WARN_OBJC_ROOT_CLASS = YES_ERROR;
				CLANG_WARN_QUOTED_INCLUDE_IN_FRAMEWORK_HEADER = YES;
				CLANG_WARN_RANGE_LOOP_ANALYSIS = YES;
				CLANG_WARN_STRICT_PROTOTYPES = YES;
				CLANG_WARN_SUSPICIOUS_MOVE = YES;
				CLANG_WARN_UNGUARDED_AVAILABILITY = YES_AGGRESSIVE;
				CLANG_WARN_UNREACHABLE_CODE = YES;
				CLANG_WARN__DUPLICATE_METHOD_MATCH = YES;
				COPY_PHASE_STRIP = NO;
				DEBUG_INFORMATION_FORMAT = "dwarf-with-dsym";
				ENABLE_NS_ASSERTIONS = NO;
				ENABLE_STRICT_OBJC_MSGSEND = YES;
				GCC_C_LANGUAGE_STANDARD = gnu11;
				GCC_NO_COMMON_BLOCKS = YES;
				GCC_WARN_64_TO_32_BIT_CONVERSION = YES;
				GCC_WARN_ABOUT_RETURN_TYPE = YES_ERROR;
				GCC_WARN_UNDECLARED_SELECTOR = YES;
				GCC_WARN_UNINITIALIZED_AUTOS = YES_AGGRESSIVE;
				GCC_WARN_UNUSED_FUNCTION = YES;
				GCC_WARN_UNUSED_VARIABLE = YES;
				IPHONEOS_DEPLOYMENT_TARGET = 15.5;
				MTL_ENABLE_DEBUG_INFO = NO;
				MTL_FAST_MATH = YES;
				SDKROOT = iphoneos;
				SWIFT_COMPILATION_MODE = wholemodule;
				SWIFT_OPTIMIZATION_LEVEL = "-O";
				VALIDATE_PRODUCT = YES;
			};
			name = Release;
		};
		AB45277D28A2D54400BC7156 /* Debug */ = {
			isa = XCBuildConfiguration;
			buildSettings = {
				ASSETCATALOG_COMPILER_APPICON_NAME = AppIcon;
				ASSETCATALOG_COMPILER_GLOBAL_ACCENT_COLOR_NAME = AccentColor;
				CODE_SIGN_STYLE = Automatic;
				CURRENT_PROJECT_VERSION = 1;
				DEVELOPMENT_ASSET_PATHS = "\"People/Preview Content\"";
				DEVELOPMENT_TEAM = TFC8WMVJ84;
				ENABLE_PREVIEWS = YES;
				GENERATE_INFOPLIST_FILE = YES;
				INFOPLIST_FILE = People/Info.plist;
				INFOPLIST_KEY_UIApplicationSceneManifest_Generation = YES;
				INFOPLIST_KEY_UIApplicationSupportsIndirectInputEvents = YES;
				INFOPLIST_KEY_UISupportedInterfaceOrientations_iPad = "UIInterfaceOrientationPortrait UIInterfaceOrientationPortraitUpsideDown UIInterfaceOrientationLandscapeLeft UIInterfaceOrientationLandscapeRight";
				INFOPLIST_KEY_UISupportedInterfaceOrientations_iPhone = "UIInterfaceOrientationPortrait UIInterfaceOrientationLandscapeLeft UIInterfaceOrientationLandscapeRight";
				LD_RUNPATH_SEARCH_PATHS = (
					"$(inherited)",
					"@executable_path/Frameworks",
				);
				MARKETING_VERSION = 1.0;
				PRODUCT_BUNDLE_IDENTIFIER = com.MarshallARoss.People;
				PRODUCT_NAME = "$(TARGET_NAME)";
				SWIFT_EMIT_LOC_STRINGS = YES;
				SWIFT_VERSION = 5.0;
				TARGETED_DEVICE_FAMILY = "1,2";
			};
			name = Debug;
		};
		AB45277E28A2D54400BC7156 /* Release */ = {
			isa = XCBuildConfiguration;
			buildSettings = {
				ASSETCATALOG_COMPILER_APPICON_NAME = AppIcon;
				ASSETCATALOG_COMPILER_GLOBAL_ACCENT_COLOR_NAME = AccentColor;
				CODE_SIGN_STYLE = Automatic;
				CURRENT_PROJECT_VERSION = 1;
				DEVELOPMENT_ASSET_PATHS = "\"People/Preview Content\"";
				DEVELOPMENT_TEAM = TFC8WMVJ84;
				ENABLE_PREVIEWS = YES;
				GENERATE_INFOPLIST_FILE = YES;
				INFOPLIST_FILE = People/Info.plist;
				INFOPLIST_KEY_UIApplicationSceneManifest_Generation = YES;
				INFOPLIST_KEY_UIApplicationSupportsIndirectInputEvents = YES;
				INFOPLIST_KEY_UISupportedInterfaceOrientations_iPad = "UIInterfaceOrientationPortrait UIInterfaceOrientationPortraitUpsideDown UIInterfaceOrientationLandscapeLeft UIInterfaceOrientationLandscapeRight";
				INFOPLIST_KEY_UISupportedInterfaceOrientations_iPhone = "UIInterfaceOrientationPortrait UIInterfaceOrientationLandscapeLeft UIInterfaceOrientationLandscapeRight";
				LD_RUNPATH_SEARCH_PATHS = (
					"$(inherited)",
					"@executable_path/Frameworks",
				);
				MARKETING_VERSION = 1.0;
				PRODUCT_BUNDLE_IDENTIFIER = com.MarshallARoss.People;
				PRODUCT_NAME = "$(TARGET_NAME)";
				SWIFT_EMIT_LOC_STRINGS = YES;
				SWIFT_VERSION = 5.0;
				TARGETED_DEVICE_FAMILY = "1,2";
			};
			name = Release;
		};
/* End XCBuildConfiguration section */

/* Begin XCConfigurationList section */
		AB45276928A2D54100BC7156 /* Build configuration list for PBXProject "People" */ = {
			isa = XCConfigurationList;
			buildConfigurations = (
				AB45277A28A2D54400BC7156 /* Debug */,
				AB45277B28A2D54400BC7156 /* Release */,
			);
			defaultConfigurationIsVisible = 0;
			defaultConfigurationName = Release;
		};
		AB45277C28A2D54400BC7156 /* Build configuration list for PBXNativeTarget "People" */ = {
			isa = XCConfigurationList;
			buildConfigurations = (
				AB45277D28A2D54400BC7156 /* Debug */,
				AB45277E28A2D54400BC7156 /* Release */,
			);
			defaultConfigurationIsVisible = 0;
			defaultConfigurationName = Release;
		};
/* End XCConfigurationList section */
	};
	rootObject = AB45276628A2D54100BC7156 /* Project object */;
}
