// !$*UTF8*$!
{
	archiveVersion = 1;
	classes = {
	};
	objectVersion = 55;
	objects = {

/* Begin PBXBuildFile section */
		AB0FEB8728D3784C002672AA /* CreateScreenUIValidTests.swift in Sources */ = {isa = PBXBuildFile; fileRef = AB0FEB8628D3784C002672AA /* CreateScreenUIValidTests.swift */; };
		AB163C0528B0042200307A79 /* NetworkingManager.swift in Sources */ = {isa = PBXBuildFile; fileRef = AB163C0428B0042200307A79 /* NetworkingManager.swift */; };
		AB1A041B28CFDA2000B777AA /* UITestingHelper.swift in Sources */ = {isa = PBXBuildFile; fileRef = AB1A041A28CFDA2000B777AA /* UITestingHelper.swift */; };
		AB1A041F28CFDD5B00B777AA /* NetworkingManagerCreateSuccessMock.swift in Sources */ = {isa = PBXBuildFile; fileRef = AB43CC2328CC14CA007C403A /* NetworkingManagerCreateSuccessMock.swift */; };
		AB1A042028CFDD6700B777AA /* NetworkingManagerCreateFailureMock.swift in Sources */ = {isa = PBXBuildFile; fileRef = AB43CC2528CC14DA007C403A /* NetworkingManagerCreateFailureMock.swift */; };
		AB1A042128CFDD6C00B777AA /* NetworkingManagerUsersDetailsResponseSuccessMock.swift in Sources */ = {isa = PBXBuildFile; fileRef = AB43CC1428CAC3DB007C403A /* NetworkingManagerUsersDetailsResponseSuccessMock.swift */; };
		AB1A042228CFDD7300B777AA /* NetworkingManagerUserDetailsFailureMock.swift in Sources */ = {isa = PBXBuildFile; fileRef = AB43CC1628CAC44B007C403A /* NetworkingManagerUserDetailsFailureMock.swift */; };
		AB1A042328CFDD7800B777AA /* NetworkingManagerUserResponseSuccessMock.swift in Sources */ = {isa = PBXBuildFile; fileRef = AB6EB97B28C927CA00D65A12 /* NetworkingManagerUserResponseSuccessMock.swift */; };
		AB1A042428CFDD7C00B777AA /* NetworkingManagerUserResponseFailureMock.swift in Sources */ = {isa = PBXBuildFile; fileRef = AB6EB97F28C9300600D65A12 /* NetworkingManagerUserResponseFailureMock.swift */; };
		AB1A042628CFDD8300B777AA /* MockURLSessionProtocol.swift in Sources */ = {isa = PBXBuildFile; fileRef = AB6EB97228C7F2C400D65A12 /* MockURLSessionProtocol.swift */; };
		AB1A042728CFDD8800B777AA /* CreateValidatorSuccessMock.swift in Sources */ = {isa = PBXBuildFile; fileRef = AB43CC2828CC1523007C403A /* CreateValidatorSuccessMock.swift */; };
		AB1A042828CFDD8C00B777AA /* CreateValidatorFailureMock.swift in Sources */ = {isa = PBXBuildFile; fileRef = AB43CC2A28CC1782007C403A /* CreateValidatorFailureMock.swift */; };
		AB1A042A28CFE43D00B777AA /* PeopleFailureUITests.swift in Sources */ = {isa = PBXBuildFile; fileRef = AB1A042928CFE43D00B777AA /* PeopleFailureUITests.swift */; };
		AB1A042D28D0E22600B777AA /* DetailsUITests.swift in Sources */ = {isa = PBXBuildFile; fileRef = AB1A042C28D0E22600B777AA /* DetailsUITests.swift */; };
		AB1A042F28D2318D00B777AA /* DetailsFailureUITests.swift in Sources */ = {isa = PBXBuildFile; fileRef = AB1A042E28D2318D00B777AA /* DetailsFailureUITests.swift */; };
		AB43CC1A28CAC488007C403A /* DetailsViewModelSuccessTests.swift in Sources */ = {isa = PBXBuildFile; fileRef = AB43CC1928CAC488007C403A /* DetailsViewModelSuccessTests.swift */; };
		AB43CC1C28CAF451007C403A /* DetailsViewModelFailureTests.swift in Sources */ = {isa = PBXBuildFile; fileRef = AB43CC1B28CAF451007C403A /* DetailsViewModelFailureTests.swift */; };
		AB43CC1F28CC13A7007C403A /* CreateViewModelSuccessTests.swift in Sources */ = {isa = PBXBuildFile; fileRef = AB43CC1E28CC13A7007C403A /* CreateViewModelSuccessTests.swift */; };
		AB43CC2128CC13B4007C403A /* CreateViewModelValidationFailureTests.swift in Sources */ = {isa = PBXBuildFile; fileRef = AB43CC2028CC13B4007C403A /* CreateViewModelValidationFailureTests.swift */; };
		AB43CC2D28CC1AA4007C403A /* CreateViewModelFailureTests.swift in Sources */ = {isa = PBXBuildFile; fileRef = AB43CC2C28CC1AA4007C403A /* CreateViewModelFailureTests.swift */; };
		AB43CC3528CC1B99007C403A /* PeopleScreenUITests.swift in Sources */ = {isa = PBXBuildFile; fileRef = AB43CC3428CC1B99007C403A /* PeopleScreenUITests.swift */; };
		AB43CC3728CC1B99007C403A /* PeopleUITestsLaunchTests.swift in Sources */ = {isa = PBXBuildFile; fileRef = AB43CC3628CC1B99007C403A /* PeopleUITestsLaunchTests.swift */; };
		AB45277228A2D54100BC7156 /* PeopleApp.swift in Sources */ = {isa = PBXBuildFile; fileRef = AB45277128A2D54100BC7156 /* PeopleApp.swift */; };
		AB45277428A2D54100BC7156 /* ContentView.swift in Sources */ = {isa = PBXBuildFile; fileRef = AB45277328A2D54100BC7156 /* ContentView.swift */; };
		AB45277628A2D54400BC7156 /* Assets.xcassets in Resources */ = {isa = PBXBuildFile; fileRef = AB45277528A2D54400BC7156 /* Assets.xcassets */; };
		AB45277928A2D54400BC7156 /* Preview Assets.xcassets in Resources */ = {isa = PBXBuildFile; fileRef = AB45277828A2D54400BC7156 /* Preview Assets.xcassets */; };
		AB45278028A2D95B00BC7156 /* Symbols.swift in Sources */ = {isa = PBXBuildFile; fileRef = AB45277F28A2D95B00BC7156 /* Symbols.swift */; };
		AB45278328A2DB0800BC7156 /* Theme.swift in Sources */ = {isa = PBXBuildFile; fileRef = AB45278228A2DB0800BC7156 /* Theme.swift */; };
		AB6EB97028C64B6C00D65A12 /* NetworkingEndpointTests.swift in Sources */ = {isa = PBXBuildFile; fileRef = AB6EB96F28C64B6C00D65A12 /* NetworkingEndpointTests.swift */; };
		AB6EB97628C7F42E00D65A12 /* NetworkingManagerTest.swift in Sources */ = {isa = PBXBuildFile; fileRef = AB6EB97528C7F42E00D65A12 /* NetworkingManagerTest.swift */; };
		AB6EB97A28C9277500D65A12 /* PeopleViewModelSuccessTests.swift in Sources */ = {isa = PBXBuildFile; fileRef = AB6EB97928C9277500D65A12 /* PeopleViewModelSuccessTests.swift */; };
		AB6EB97E28C92FA300D65A12 /* PeopleViewModelFailureTests.swift in Sources */ = {isa = PBXBuildFile; fileRef = AB6EB97D28C92FA300D65A12 /* PeopleViewModelFailureTests.swift */; };
		AB94C30A28B2B1C0005BF1DA /* PeopleViewModel.swift in Sources */ = {isa = PBXBuildFile; fileRef = AB94C30928B2B1C0005BF1DA /* PeopleViewModel.swift */; };
		AB94C30D28B2B60B005BF1DA /* DetailViewModel.swift in Sources */ = {isa = PBXBuildFile; fileRef = AB94C30C28B2B60B005BF1DA /* DetailViewModel.swift */; };
		AB94C30F28B4218B005BF1DA /* NewPerson.swift in Sources */ = {isa = PBXBuildFile; fileRef = AB94C30E28B4218B005BF1DA /* NewPerson.swift */; };
		AB94C31428B4243F005BF1DA /* CreateViewModel.swift in Sources */ = {isa = PBXBuildFile; fileRef = AB94C31328B4243F005BF1DA /* CreateViewModel.swift */; };
		ABA663C528C109AD00EA54C2 /* JSONMapperTest.swift in Sources */ = {isa = PBXBuildFile; fileRef = ABA663C428C109AD00EA54C2 /* JSONMapperTest.swift */; };
		ABD9748728B9CEDF009CA2AA /* Endpoint.swift in Sources */ = {isa = PBXBuildFile; fileRef = ABD9748628B9CEDF009CA2AA /* Endpoint.swift */; };
		ABDD414328B6C46E00670CC2 /* CheckmarkView.swift in Sources */ = {isa = PBXBuildFile; fileRef = ABDD414228B6C46E00670CC2 /* CheckmarkView.swift */; };
		ABDD414628B6C77D00670CC2 /* CreateValidator.swift in Sources */ = {isa = PBXBuildFile; fileRef = ABDD414528B6C77D00670CC2 /* CreateValidator.swift */; };
		ABDD414928B8059900670CC2 /* HapticsManager.swift in Sources */ = {isa = PBXBuildFile; fileRef = ABDD414828B8059800670CC2 /* HapticsManager.swift */; };
		ABDD414E28B8070000670CC2 /* SettingsView.swift in Sources */ = {isa = PBXBuildFile; fileRef = ABDD414D28B8070000670CC2 /* SettingsView.swift */; };
		ABDD415128B807F200670CC2 /* UserDefaults.swift in Sources */ = {isa = PBXBuildFile; fileRef = ABDD415028B807F200670CC2 /* UserDefaults.swift */; };
		ABDEF4A128AEFF5D009E332C /* CreateView.swift in Sources */ = {isa = PBXBuildFile; fileRef = ABDEF4A028AEFF5D009E332C /* CreateView.swift */; };
		ABF5557A28C147D700938F80 /* CreateFormValidatorTests.swift in Sources */ = {isa = PBXBuildFile; fileRef = ABF5557928C147D700938F80 /* CreateFormValidatorTests.swift */; };
		ABF81D1A28A822C0004212FA /* SingleUser.json in Resources */ = {isa = PBXBuildFile; fileRef = ABF81D1928A822C0004212FA /* SingleUser.json */; };
		ABF81D1C28A822D0004212FA /* Users.json in Resources */ = {isa = PBXBuildFile; fileRef = ABF81D1B28A822D0004212FA /* Users.json */; };
		ABF81D1F28A8238F004212FA /* UserDetail.swift in Sources */ = {isa = PBXBuildFile; fileRef = ABF81D1E28A8238F004212FA /* UserDetail.swift */; };
		ABF81D2128A823C1004212FA /* UsersResponse.swift in Sources */ = {isa = PBXBuildFile; fileRef = ABF81D2028A823C1004212FA /* UsersResponse.swift */; };
		ABF81D2428A8243A004212FA /* User.swift in Sources */ = {isa = PBXBuildFile; fileRef = ABF81D2328A8243A004212FA /* User.swift */; };
		ABF81D2728A82462004212FA /* StaticJSONMapper.swift in Sources */ = {isa = PBXBuildFile; fileRef = ABF81D2628A82462004212FA /* StaticJSONMapper.swift */; };
		ABF81D2928A9AE6E004212FA /* PeopleView.swift in Sources */ = {isa = PBXBuildFile; fileRef = ABF81D2828A9AE6E004212FA /* PeopleView.swift */; };
		ABF81D2B28A9B615004212FA /* PersonCellView.swift in Sources */ = {isa = PBXBuildFile; fileRef = ABF81D2A28A9B615004212FA /* PersonCellView.swift */; };
		ABF81D2E28A9B76E004212FA /* PillView.swift in Sources */ = {isa = PBXBuildFile; fileRef = ABF81D2D28A9B76E004212FA /* PillView.swift */; };
		ABF81D3128AABE2A004212FA /* PreviewProvider.swift in Sources */ = {isa = PBXBuildFile; fileRef = ABF81D3028AABE2A004212FA /* PreviewProvider.swift */; };
		ABF81D3628AABF8D004212FA /* DetailView.swift in Sources */ = {isa = PBXBuildFile; fileRef = ABF81D3528AABF8C004212FA /* DetailView.swift */; };
/* End PBXBuildFile section */

/* Begin PBXContainerItemProxy section */
		AB43CC3828CC1B99007C403A /* PBXContainerItemProxy */ = {
			isa = PBXContainerItemProxy;
			containerPortal = AB45276628A2D54100BC7156 /* Project object */;
			proxyType = 1;
			remoteGlobalIDString = AB45276D28A2D54100BC7156;
			remoteInfo = People;
		};
		ABA663BE28C1098800EA54C2 /* PBXContainerItemProxy */ = {
			isa = PBXContainerItemProxy;
			containerPortal = AB45276628A2D54100BC7156 /* Project object */;
			proxyType = 1;
			remoteGlobalIDString = AB45276D28A2D54100BC7156;
			remoteInfo = People;
		};
/* End PBXContainerItemProxy section */

/* Begin PBXFileReference section */
		AB0FEB8628D3784C002672AA /* CreateScreenUIValidTests.swift */ = {isa = PBXFileReference; lastKnownFileType = sourcecode.swift; path = CreateScreenUIValidTests.swift; sourceTree = "<group>"; };
		AB163C0428B0042200307A79 /* NetworkingManager.swift */ = {isa = PBXFileReference; lastKnownFileType = sourcecode.swift; path = NetworkingManager.swift; sourceTree = "<group>"; };
		AB1A041A28CFDA2000B777AA /* UITestingHelper.swift */ = {isa = PBXFileReference; lastKnownFileType = sourcecode.swift; path = UITestingHelper.swift; sourceTree = "<group>"; };
		AB1A042928CFE43D00B777AA /* PeopleFailureUITests.swift */ = {isa = PBXFileReference; lastKnownFileType = sourcecode.swift; path = PeopleFailureUITests.swift; sourceTree = "<group>"; };
		AB1A042C28D0E22600B777AA /* DetailsUITests.swift */ = {isa = PBXFileReference; lastKnownFileType = sourcecode.swift; path = DetailsUITests.swift; sourceTree = "<group>"; };
		AB1A042E28D2318D00B777AA /* DetailsFailureUITests.swift */ = {isa = PBXFileReference; lastKnownFileType = sourcecode.swift; path = DetailsFailureUITests.swift; sourceTree = "<group>"; };
		AB43CC1428CAC3DB007C403A /* NetworkingManagerUsersDetailsResponseSuccessMock.swift */ = {isa = PBXFileReference; lastKnownFileType = sourcecode.swift; path = NetworkingManagerUsersDetailsResponseSuccessMock.swift; sourceTree = "<group>"; };
		AB43CC1628CAC44B007C403A /* NetworkingManagerUserDetailsFailureMock.swift */ = {isa = PBXFileReference; lastKnownFileType = sourcecode.swift; path = NetworkingManagerUserDetailsFailureMock.swift; sourceTree = "<group>"; };
		AB43CC1928CAC488007C403A /* DetailsViewModelSuccessTests.swift */ = {isa = PBXFileReference; lastKnownFileType = sourcecode.swift; path = DetailsViewModelSuccessTests.swift; sourceTree = "<group>"; };
		AB43CC1B28CAF451007C403A /* DetailsViewModelFailureTests.swift */ = {isa = PBXFileReference; lastKnownFileType = sourcecode.swift; path = DetailsViewModelFailureTests.swift; sourceTree = "<group>"; };
		AB43CC1E28CC13A7007C403A /* CreateViewModelSuccessTests.swift */ = {isa = PBXFileReference; lastKnownFileType = sourcecode.swift; path = CreateViewModelSuccessTests.swift; sourceTree = "<group>"; };
		AB43CC2028CC13B4007C403A /* CreateViewModelValidationFailureTests.swift */ = {isa = PBXFileReference; lastKnownFileType = sourcecode.swift; path = CreateViewModelValidationFailureTests.swift; sourceTree = "<group>"; };
		AB43CC2328CC14CA007C403A /* NetworkingManagerCreateSuccessMock.swift */ = {isa = PBXFileReference; lastKnownFileType = sourcecode.swift; path = NetworkingManagerCreateSuccessMock.swift; sourceTree = "<group>"; };
		AB43CC2528CC14DA007C403A /* NetworkingManagerCreateFailureMock.swift */ = {isa = PBXFileReference; lastKnownFileType = sourcecode.swift; path = NetworkingManagerCreateFailureMock.swift; sourceTree = "<group>"; };
		AB43CC2828CC1523007C403A /* CreateValidatorSuccessMock.swift */ = {isa = PBXFileReference; lastKnownFileType = sourcecode.swift; path = CreateValidatorSuccessMock.swift; sourceTree = "<group>"; };
		AB43CC2A28CC1782007C403A /* CreateValidatorFailureMock.swift */ = {isa = PBXFileReference; lastKnownFileType = sourcecode.swift; path = CreateValidatorFailureMock.swift; sourceTree = "<group>"; };
		AB43CC2C28CC1AA4007C403A /* CreateViewModelFailureTests.swift */ = {isa = PBXFileReference; lastKnownFileType = sourcecode.swift; path = CreateViewModelFailureTests.swift; sourceTree = "<group>"; };
		AB43CC3228CC1B99007C403A /* PeopleUITests.xctest */ = {isa = PBXFileReference; explicitFileType = wrapper.cfbundle; includeInIndex = 0; path = PeopleUITests.xctest; sourceTree = BUILT_PRODUCTS_DIR; };
		AB43CC3428CC1B99007C403A /* PeopleScreenUITests.swift */ = {isa = PBXFileReference; lastKnownFileType = sourcecode.swift; path = PeopleScreenUITests.swift; sourceTree = "<group>"; };
		AB43CC3628CC1B99007C403A /* PeopleUITestsLaunchTests.swift */ = {isa = PBXFileReference; lastKnownFileType = sourcecode.swift; path = PeopleUITestsLaunchTests.swift; sourceTree = "<group>"; };
		AB45276E28A2D54100BC7156 /* People.app */ = {isa = PBXFileReference; explicitFileType = wrapper.application; includeInIndex = 0; path = People.app; sourceTree = BUILT_PRODUCTS_DIR; };
		AB45277128A2D54100BC7156 /* PeopleApp.swift */ = {isa = PBXFileReference; lastKnownFileType = sourcecode.swift; path = PeopleApp.swift; sourceTree = "<group>"; };
		AB45277328A2D54100BC7156 /* ContentView.swift */ = {isa = PBXFileReference; lastKnownFileType = sourcecode.swift; path = ContentView.swift; sourceTree = "<group>"; };
		AB45277528A2D54400BC7156 /* Assets.xcassets */ = {isa = PBXFileReference; lastKnownFileType = folder.assetcatalog; path = Assets.xcassets; sourceTree = "<group>"; };
		AB45277828A2D54400BC7156 /* Preview Assets.xcassets */ = {isa = PBXFileReference; lastKnownFileType = folder.assetcatalog; path = "Preview Assets.xcassets"; sourceTree = "<group>"; };
		AB45277F28A2D95B00BC7156 /* Symbols.swift */ = {isa = PBXFileReference; lastKnownFileType = sourcecode.swift; path = Symbols.swift; sourceTree = "<group>"; };
		AB45278228A2DB0800BC7156 /* Theme.swift */ = {isa = PBXFileReference; lastKnownFileType = sourcecode.swift; path = Theme.swift; sourceTree = "<group>"; };
		AB6EB96F28C64B6C00D65A12 /* NetworkingEndpointTests.swift */ = {isa = PBXFileReference; lastKnownFileType = sourcecode.swift; path = NetworkingEndpointTests.swift; sourceTree = "<group>"; };
		AB6EB97228C7F2C400D65A12 /* MockURLSessionProtocol.swift */ = {isa = PBXFileReference; lastKnownFileType = sourcecode.swift; path = MockURLSessionProtocol.swift; sourceTree = "<group>"; };
		AB6EB97528C7F42E00D65A12 /* NetworkingManagerTest.swift */ = {isa = PBXFileReference; lastKnownFileType = sourcecode.swift; path = NetworkingManagerTest.swift; sourceTree = "<group>"; };
		AB6EB97928C9277500D65A12 /* PeopleViewModelSuccessTests.swift */ = {isa = PBXFileReference; lastKnownFileType = sourcecode.swift; path = PeopleViewModelSuccessTests.swift; sourceTree = "<group>"; };
		AB6EB97B28C927CA00D65A12 /* NetworkingManagerUserResponseSuccessMock.swift */ = {isa = PBXFileReference; lastKnownFileType = sourcecode.swift; path = NetworkingManagerUserResponseSuccessMock.swift; sourceTree = "<group>"; };
		AB6EB97D28C92FA300D65A12 /* PeopleViewModelFailureTests.swift */ = {isa = PBXFileReference; lastKnownFileType = sourcecode.swift; path = PeopleViewModelFailureTests.swift; sourceTree = "<group>"; };
		AB6EB97F28C9300600D65A12 /* NetworkingManagerUserResponseFailureMock.swift */ = {isa = PBXFileReference; lastKnownFileType = sourcecode.swift; path = NetworkingManagerUserResponseFailureMock.swift; sourceTree = "<group>"; };
		AB94C30928B2B1C0005BF1DA /* PeopleViewModel.swift */ = {isa = PBXFileReference; lastKnownFileType = sourcecode.swift; path = PeopleViewModel.swift; sourceTree = "<group>"; };
		AB94C30C28B2B60B005BF1DA /* DetailViewModel.swift */ = {isa = PBXFileReference; lastKnownFileType = sourcecode.swift; path = DetailViewModel.swift; sourceTree = "<group>"; };
		AB94C30E28B4218B005BF1DA /* NewPerson.swift */ = {isa = PBXFileReference; lastKnownFileType = sourcecode.swift; path = NewPerson.swift; sourceTree = "<group>"; };
		AB94C31328B4243F005BF1DA /* CreateViewModel.swift */ = {isa = PBXFileReference; lastKnownFileType = sourcecode.swift; path = CreateViewModel.swift; sourceTree = "<group>"; };
		ABA663BA28C1098800EA54C2 /* PeopleTestsUnitTests.xctest */ = {isa = PBXFileReference; explicitFileType = wrapper.cfbundle; includeInIndex = 0; path = PeopleTestsUnitTests.xctest; sourceTree = BUILT_PRODUCTS_DIR; };
		ABA663C428C109AD00EA54C2 /* JSONMapperTest.swift */ = {isa = PBXFileReference; lastKnownFileType = sourcecode.swift; path = JSONMapperTest.swift; sourceTree = "<group>"; };
		ABBBCE7C28A81585009B7580 /* Info.plist */ = {isa = PBXFileReference; lastKnownFileType = text.plist; path = Info.plist; sourceTree = "<group>"; };
		ABD9748628B9CEDF009CA2AA /* Endpoint.swift */ = {isa = PBXFileReference; lastKnownFileType = sourcecode.swift; path = Endpoint.swift; sourceTree = "<group>"; };
		ABDD414228B6C46E00670CC2 /* CheckmarkView.swift */ = {isa = PBXFileReference; lastKnownFileType = sourcecode.swift; path = CheckmarkView.swift; sourceTree = "<group>"; };
		ABDD414528B6C77D00670CC2 /* CreateValidator.swift */ = {isa = PBXFileReference; lastKnownFileType = sourcecode.swift; path = CreateValidator.swift; sourceTree = "<group>"; };
		ABDD414828B8059800670CC2 /* HapticsManager.swift */ = {isa = PBXFileReference; lastKnownFileType = sourcecode.swift; path = HapticsManager.swift; sourceTree = "<group>"; };
		ABDD414D28B8070000670CC2 /* SettingsView.swift */ = {isa = PBXFileReference; lastKnownFileType = sourcecode.swift; path = SettingsView.swift; sourceTree = "<group>"; };
		ABDD415028B807F200670CC2 /* UserDefaults.swift */ = {isa = PBXFileReference; lastKnownFileType = sourcecode.swift; path = UserDefaults.swift; sourceTree = "<group>"; };
		ABDEF4A028AEFF5D009E332C /* CreateView.swift */ = {isa = PBXFileReference; lastKnownFileType = sourcecode.swift; path = CreateView.swift; sourceTree = "<group>"; };
		ABF5557928C147D700938F80 /* CreateFormValidatorTests.swift */ = {isa = PBXFileReference; lastKnownFileType = sourcecode.swift; path = CreateFormValidatorTests.swift; sourceTree = "<group>"; };
		ABF81D1928A822C0004212FA /* SingleUser.json */ = {isa = PBXFileReference; lastKnownFileType = text.json; path = SingleUser.json; sourceTree = "<group>"; };
		ABF81D1B28A822D0004212FA /* Users.json */ = {isa = PBXFileReference; lastKnownFileType = text.json; path = Users.json; sourceTree = "<group>"; };
		ABF81D1E28A8238F004212FA /* UserDetail.swift */ = {isa = PBXFileReference; lastKnownFileType = sourcecode.swift; path = UserDetail.swift; sourceTree = "<group>"; };
		ABF81D2028A823C1004212FA /* UsersResponse.swift */ = {isa = PBXFileReference; lastKnownFileType = sourcecode.swift; path = UsersResponse.swift; sourceTree = "<group>"; };
		ABF81D2328A8243A004212FA /* User.swift */ = {isa = PBXFileReference; lastKnownFileType = sourcecode.swift; path = User.swift; sourceTree = "<group>"; };
		ABF81D2628A82462004212FA /* StaticJSONMapper.swift */ = {isa = PBXFileReference; lastKnownFileType = sourcecode.swift; path = StaticJSONMapper.swift; sourceTree = "<group>"; };
		ABF81D2828A9AE6E004212FA /* PeopleView.swift */ = {isa = PBXFileReference; lastKnownFileType = sourcecode.swift; path = PeopleView.swift; sourceTree = "<group>"; };
		ABF81D2A28A9B615004212FA /* PersonCellView.swift */ = {isa = PBXFileReference; lastKnownFileType = sourcecode.swift; path = PersonCellView.swift; sourceTree = "<group>"; };
		ABF81D2D28A9B76E004212FA /* PillView.swift */ = {isa = PBXFileReference; lastKnownFileType = sourcecode.swift; path = PillView.swift; sourceTree = "<group>"; };
		ABF81D3028AABE2A004212FA /* PreviewProvider.swift */ = {isa = PBXFileReference; lastKnownFileType = sourcecode.swift; path = PreviewProvider.swift; sourceTree = "<group>"; };
		ABF81D3528AABF8C004212FA /* DetailView.swift */ = {isa = PBXFileReference; lastKnownFileType = sourcecode.swift; path = DetailView.swift; sourceTree = "<group>"; };
/* End PBXFileReference section */

/* Begin PBXFrameworksBuildPhase section */
		AB43CC2F28CC1B99007C403A /* Frameworks */ = {
			isa = PBXFrameworksBuildPhase;
			buildActionMask = 2147483647;
			files = (
			);
			runOnlyForDeploymentPostprocessing = 0;
		};
		AB45276B28A2D54100BC7156 /* Frameworks */ = {
			isa = PBXFrameworksBuildPhase;
			buildActionMask = 2147483647;
			files = (
			);
			runOnlyForDeploymentPostprocessing = 0;
		};
		ABA663B728C1098800EA54C2 /* Frameworks */ = {
			isa = PBXFrameworksBuildPhase;
			buildActionMask = 2147483647;
			files = (
			);
			runOnlyForDeploymentPostprocessing = 0;
		};
/* End PBXFrameworksBuildPhase section */

/* Begin PBXGroup section */
		AB0FEB8528D37839002672AA /* Create */ = {
			isa = PBXGroup;
			children = (
				AB0FEB8628D3784C002672AA /* CreateScreenUIValidTests.swift */,
			);
			path = Create;
			sourceTree = "<group>";
		};
		AB163C0328B0041500307A79 /* API */ = {
			isa = PBXGroup;
			children = (
				AB163C0428B0042200307A79 /* NetworkingManager.swift */,
				ABD9748628B9CEDF009CA2AA /* Endpoint.swift */,
			);
			path = API;
			sourceTree = "<group>";
		};
		AB1A041728CFD84300B777AA /* People */ = {
			isa = PBXGroup;
			children = (
				AB43CC3428CC1B99007C403A /* PeopleScreenUITests.swift */,
				AB43CC3628CC1B99007C403A /* PeopleUITestsLaunchTests.swift */,
				AB1A042928CFE43D00B777AA /* PeopleFailureUITests.swift */,
			);
			path = People;
			sourceTree = "<group>";
		};
		AB1A041928CFDA0700B777AA /* UITesting */ = {
			isa = PBXGroup;
			children = (
				AB1A041A28CFDA2000B777AA /* UITestingHelper.swift */,
			);
			path = UITesting;
			sourceTree = "<group>";
		};
		AB1A041C28CFDC8000B777AA /* Mocks */ = {
			isa = PBXGroup;
			children = (
				AB1A041E28CFDCAC00B777AA /* Networking */,
				AB1A041D28CFDC9B00B777AA /* Create */,
			);
			path = Mocks;
			sourceTree = "<group>";
		};
		AB1A041D28CFDC9B00B777AA /* Create */ = {
			isa = PBXGroup;
			children = (
				AB43CC2828CC1523007C403A /* CreateValidatorSuccessMock.swift */,
				AB43CC2A28CC1782007C403A /* CreateValidatorFailureMock.swift */,
			);
			path = Create;
			sourceTree = "<group>";
		};
		AB1A041E28CFDCAC00B777AA /* Networking */ = {
			isa = PBXGroup;
			children = (
				AB43CC2228CC14B3007C403A /* Create */,
				AB43CC1328CAC3BD007C403A /* UserDetails */,
				AB43CC1228CAC3A8007C403A /* UserResponse */,
				AB6EB97228C7F2C400D65A12 /* MockURLSessionProtocol.swift */,
			);
			path = Networking;
			sourceTree = "<group>";
		};
		AB1A042B28D0E20D00B777AA /* Details */ = {
			isa = PBXGroup;
			children = (
				AB1A042C28D0E22600B777AA /* DetailsUITests.swift */,
				AB1A042E28D2318D00B777AA /* DetailsFailureUITests.swift */,
			);
			path = Details;
			sourceTree = "<group>";
		};
		AB43CC1228CAC3A8007C403A /* UserResponse */ = {
			isa = PBXGroup;
			children = (
				AB6EB97B28C927CA00D65A12 /* NetworkingManagerUserResponseSuccessMock.swift */,
				AB6EB97F28C9300600D65A12 /* NetworkingManagerUserResponseFailureMock.swift */,
			);
			path = UserResponse;
			sourceTree = "<group>";
		};
		AB43CC1328CAC3BD007C403A /* UserDetails */ = {
			isa = PBXGroup;
			children = (
				AB43CC1428CAC3DB007C403A /* NetworkingManagerUsersDetailsResponseSuccessMock.swift */,
				AB43CC1628CAC44B007C403A /* NetworkingManagerUserDetailsFailureMock.swift */,
			);
			path = UserDetails;
			sourceTree = "<group>";
		};
		AB43CC1828CAC472007C403A /* Details */ = {
			isa = PBXGroup;
			children = (
				AB43CC1928CAC488007C403A /* DetailsViewModelSuccessTests.swift */,
				AB43CC1B28CAF451007C403A /* DetailsViewModelFailureTests.swift */,
			);
			path = Details;
			sourceTree = "<group>";
		};
		AB43CC1D28CC138D007C403A /* Create */ = {
			isa = PBXGroup;
			children = (
				AB43CC1E28CC13A7007C403A /* CreateViewModelSuccessTests.swift */,
				AB43CC2028CC13B4007C403A /* CreateViewModelValidationFailureTests.swift */,
				AB43CC2C28CC1AA4007C403A /* CreateViewModelFailureTests.swift */,
			);
			path = Create;
			sourceTree = "<group>";
		};
		AB43CC2228CC14B3007C403A /* Create */ = {
			isa = PBXGroup;
			children = (
				AB43CC2328CC14CA007C403A /* NetworkingManagerCreateSuccessMock.swift */,
				AB43CC2528CC14DA007C403A /* NetworkingManagerCreateFailureMock.swift */,
			);
			path = Create;
			sourceTree = "<group>";
		};
		AB43CC3328CC1B99007C403A /* PeopleUITests */ = {
			isa = PBXGroup;
			children = (
				AB0FEB8528D37839002672AA /* Create */,
				AB1A042B28D0E20D00B777AA /* Details */,
				AB1A041728CFD84300B777AA /* People */,
			);
			path = PeopleUITests;
			sourceTree = "<group>";
		};
		AB45276528A2D54100BC7156 = {
			isa = PBXGroup;
			children = (
				AB45277028A2D54100BC7156 /* People */,
				ABA663BB28C1098800EA54C2 /* PeopleTestsUnitTests */,
				AB43CC3328CC1B99007C403A /* PeopleUITests */,
				AB45276F28A2D54100BC7156 /* Products */,
			);
			sourceTree = "<group>";
		};
		AB45276F28A2D54100BC7156 /* Products */ = {
			isa = PBXGroup;
			children = (
				AB45276E28A2D54100BC7156 /* People.app */,
				ABA663BA28C1098800EA54C2 /* PeopleTestsUnitTests.xctest */,
				AB43CC3228CC1B99007C403A /* PeopleUITests.xctest */,
			);
			name = Products;
			sourceTree = "<group>";
		};
		AB45277028A2D54100BC7156 /* People */ = {
			isa = PBXGroup;
			children = (
				AB1A041C28CFDC8000B777AA /* Mocks */,
				AB1A041928CFDA0700B777AA /* UITesting */,
				ABBBCE7C28A81585009B7580 /* Info.plist */,
				ABBBCE7428A813AC009B7580 /* Features */,
				ABBBCE7328A813A7009B7580 /* Base */,
				AB45278128A2D95E00BC7156 /* Resources */,
				AB45277128A2D54100BC7156 /* PeopleApp.swift */,
				AB45277328A2D54100BC7156 /* ContentView.swift */,
				AB45277528A2D54400BC7156 /* Assets.xcassets */,
				AB45277728A2D54400BC7156 /* Preview Content */,
			);
			path = People;
			sourceTree = "<group>";
		};
		AB45277728A2D54400BC7156 /* Preview Content */ = {
			isa = PBXGroup;
			children = (
				AB45277828A2D54400BC7156 /* Preview Assets.xcassets */,
			);
			path = "Preview Content";
			sourceTree = "<group>";
		};
		AB45278128A2D95E00BC7156 /* Resources */ = {
			isa = PBXGroup;
			children = (
				ABF81D2F28AABE0C004212FA /* Extensions */,
				ABF81D1628A82209004212FA /* JSON */,
				AB45277F28A2D95B00BC7156 /* Symbols.swift */,
				AB45278228A2DB0800BC7156 /* Theme.swift */,
			);
			path = Resources;
			sourceTree = "<group>";
		};
		AB6EB96D28C64B5300D65A12 /* Networking */ = {
			isa = PBXGroup;
			children = (
				AB6EB97428C7F41700D65A12 /* NetworkingManager */,
				AB6EB96E28C64B5900D65A12 /* Endpoint */,
			);
			path = Networking;
			sourceTree = "<group>";
		};
		AB6EB96E28C64B5900D65A12 /* Endpoint */ = {
			isa = PBXGroup;
			children = (
				AB6EB96F28C64B6C00D65A12 /* NetworkingEndpointTests.swift */,
			);
			path = Endpoint;
			sourceTree = "<group>";
		};
		AB6EB97428C7F41700D65A12 /* NetworkingManager */ = {
			isa = PBXGroup;
			children = (
				AB6EB97528C7F42E00D65A12 /* NetworkingManagerTest.swift */,
			);
			path = NetworkingManager;
			sourceTree = "<group>";
		};
		AB6EB97728C9275200D65A12 /* People */ = {
			isa = PBXGroup;
			children = (
				AB6EB97928C9277500D65A12 /* PeopleViewModelSuccessTests.swift */,
				AB6EB97D28C92FA300D65A12 /* PeopleViewModelFailureTests.swift */,
			);
			path = People;
			sourceTree = "<group>";
		};
		AB94C30B28B2B5FD005BF1DA /* ViewModels */ = {
			isa = PBXGroup;
			children = (
				AB94C30C28B2B60B005BF1DA /* DetailViewModel.swift */,
			);
			path = ViewModels;
			sourceTree = "<group>";
		};
		AB94C31028B42424005BF1DA /* Model */ = {
			isa = PBXGroup;
			children = (
				AB94C30E28B4218B005BF1DA /* NewPerson.swift */,
			);
			path = Model;
			sourceTree = "<group>";
		};
		AB94C31128B4242A005BF1DA /* View */ = {
			isa = PBXGroup;
			children = (
				ABDEF4A028AEFF5D009E332C /* CreateView.swift */,
			);
			path = View;
			sourceTree = "<group>";
		};
		AB94C31228B4242E005BF1DA /* ViewModel */ = {
			isa = PBXGroup;
			children = (
				AB94C31328B4243F005BF1DA /* CreateViewModel.swift */,
			);
			path = ViewModel;
			sourceTree = "<group>";
		};
		ABA663BB28C1098800EA54C2 /* PeopleTestsUnitTests */ = {
			isa = PBXGroup;
			children = (
				AB43CC1D28CC138D007C403A /* Create */,
				AB43CC1828CAC472007C403A /* Details */,
				AB6EB97728C9275200D65A12 /* People */,
				AB6EB96D28C64B5300D65A12 /* Networking */,
				ABF5557828C147AC00938F80 /* Form */,
				ABA663C328C1099F00EA54C2 /* Mapper */,
			);
			path = PeopleTestsUnitTests;
			sourceTree = "<group>";
		};
		ABA663C328C1099F00EA54C2 /* Mapper */ = {
			isa = PBXGroup;
			children = (
				ABA663C428C109AD00EA54C2 /* JSONMapperTest.swift */,
			);
			path = Mapper;
			sourceTree = "<group>";
		};
		ABBBCE7328A813A7009B7580 /* Base */ = {
			isa = PBXGroup;
			children = (
				ABDD414F28B807DF00670CC2 /* UserDefaults */,
				ABDD414728B8058C00670CC2 /* Haptics */,
				AB163C0328B0041500307A79 /* API */,
				ABF81D2C28A9B764004212FA /* Views */,
				ABF81D2528A82453004212FA /* Mapper */,
				ABF81D2228A82432004212FA /* Model */,
			);
			path = Base;
			sourceTree = "<group>";
		};
		ABBBCE7428A813AC009B7580 /* Features */ = {
			isa = PBXGroup;
			children = (
				ABBBCE7828A813BF009B7580 /* Settings */,
				ABBBCE7728A813BB009B7580 /* Detail */,
				ABBBCE7628A813B5009B7580 /* Create */,
				ABBBCE7528A813B0009B7580 /* People */,
			);
			path = Features;
			sourceTree = "<group>";
		};
		ABBBCE7528A813B0009B7580 /* People */ = {
			isa = PBXGroup;
			children = (
				ABBBCE7B28A813D0009B7580 /* ViewModels */,
				ABBBCE7A28A813CC009B7580 /* Model */,
				ABBBCE7928A813C6009B7580 /* Views */,
			);
			path = People;
			sourceTree = "<group>";
		};
		ABBBCE7628A813B5009B7580 /* Create */ = {
			isa = PBXGroup;
			children = (
				ABDD414428B6C76700670CC2 /* Validator */,
				AB94C31228B4242E005BF1DA /* ViewModel */,
				AB94C31128B4242A005BF1DA /* View */,
				AB94C31028B42424005BF1DA /* Model */,
			);
			path = Create;
			sourceTree = "<group>";
		};
		ABBBCE7728A813BB009B7580 /* Detail */ = {
			isa = PBXGroup;
			children = (
				AB94C30B28B2B5FD005BF1DA /* ViewModels */,
				ABF81D3228AABF71004212FA /* Views */,
				ABF81D1D28A82383004212FA /* Model */,
			);
			path = Detail;
			sourceTree = "<group>";
		};
		ABBBCE7828A813BF009B7580 /* Settings */ = {
			isa = PBXGroup;
			children = (
				ABDD414A28B806D800670CC2 /* Views */,
			);
			path = Settings;
			sourceTree = "<group>";
		};
		ABBBCE7928A813C6009B7580 /* Views */ = {
			isa = PBXGroup;
			children = (
				ABF81D2828A9AE6E004212FA /* PeopleView.swift */,
				ABF81D2A28A9B615004212FA /* PersonCellView.swift */,
			);
			path = Views;
			sourceTree = "<group>";
		};
		ABBBCE7A28A813CC009B7580 /* Model */ = {
			isa = PBXGroup;
			children = (
				ABF81D2028A823C1004212FA /* UsersResponse.swift */,
			);
			path = Model;
			sourceTree = "<group>";
		};
		ABBBCE7B28A813D0009B7580 /* ViewModels */ = {
			isa = PBXGroup;
			children = (
				AB94C30928B2B1C0005BF1DA /* PeopleViewModel.swift */,
			);
			path = ViewModels;
			sourceTree = "<group>";
		};
		ABDD414428B6C76700670CC2 /* Validator */ = {
			isa = PBXGroup;
			children = (
				ABDD414528B6C77D00670CC2 /* CreateValidator.swift */,
			);
			path = Validator;
			sourceTree = "<group>";
		};
		ABDD414728B8058C00670CC2 /* Haptics */ = {
			isa = PBXGroup;
			children = (
				ABDD414828B8059800670CC2 /* HapticsManager.swift */,
			);
			path = Haptics;
			sourceTree = "<group>";
		};
		ABDD414A28B806D800670CC2 /* Views */ = {
			isa = PBXGroup;
			children = (
				ABDD414D28B8070000670CC2 /* SettingsView.swift */,
			);
			path = Views;
			sourceTree = "<group>";
		};
		ABDD414F28B807DF00670CC2 /* UserDefaults */ = {
			isa = PBXGroup;
			children = (
				ABDD415028B807F200670CC2 /* UserDefaults.swift */,
			);
			path = UserDefaults;
			sourceTree = "<group>";
		};
		ABF5557828C147AC00938F80 /* Form */ = {
			isa = PBXGroup;
			children = (
				ABF5557928C147D700938F80 /* CreateFormValidatorTests.swift */,
			);
			path = Form;
			sourceTree = "<group>";
		};
		ABF81D1628A82209004212FA /* JSON */ = {
			isa = PBXGroup;
			children = (
				ABF81D1928A822C0004212FA /* SingleUser.json */,
				ABF81D1B28A822D0004212FA /* Users.json */,
			);
			path = JSON;
			sourceTree = "<group>";
		};
		ABF81D1D28A82383004212FA /* Model */ = {
			isa = PBXGroup;
			children = (
				ABF81D1E28A8238F004212FA /* UserDetail.swift */,
			);
			path = Model;
			sourceTree = "<group>";
		};
		ABF81D2228A82432004212FA /* Model */ = {
			isa = PBXGroup;
			children = (
				ABF81D2328A8243A004212FA /* User.swift */,
			);
			path = Model;
			sourceTree = "<group>";
		};
		ABF81D2528A82453004212FA /* Mapper */ = {
			isa = PBXGroup;
			children = (
				ABF81D2628A82462004212FA /* StaticJSONMapper.swift */,
			);
			path = Mapper;
			sourceTree = "<group>";
		};
		ABF81D2C28A9B764004212FA /* Views */ = {
			isa = PBXGroup;
			children = (
				ABF81D2D28A9B76E004212FA /* PillView.swift */,
				ABDD414228B6C46E00670CC2 /* CheckmarkView.swift */,
			);
			path = Views;
			sourceTree = "<group>";
		};
		ABF81D2F28AABE0C004212FA /* Extensions */ = {
			isa = PBXGroup;
			children = (
				ABF81D3028AABE2A004212FA /* PreviewProvider.swift */,
			);
			path = Extensions;
			sourceTree = "<group>";
		};
		ABF81D3228AABF71004212FA /* Views */ = {
			isa = PBXGroup;
			children = (
				ABF81D3528AABF8C004212FA /* DetailView.swift */,
			);
			path = Views;
			sourceTree = "<group>";
		};
/* End PBXGroup section */

/* Begin PBXNativeTarget section */
		AB43CC3128CC1B99007C403A /* PeopleUITests */ = {
			isa = PBXNativeTarget;
			buildConfigurationList = AB43CC3A28CC1B99007C403A /* Build configuration list for PBXNativeTarget "PeopleUITests" */;
			buildPhases = (
				AB43CC2E28CC1B99007C403A /* Sources */,
				AB43CC2F28CC1B99007C403A /* Frameworks */,
				AB43CC3028CC1B99007C403A /* Resources */,
			);
			buildRules = (
			);
			dependencies = (
				AB43CC3928CC1B99007C403A /* PBXTargetDependency */,
			);
			name = PeopleUITests;
			productName = PeopleUITests;
			productReference = AB43CC3228CC1B99007C403A /* PeopleUITests.xctest */;
			productType = "com.apple.product-type.bundle.ui-testing";
		};
		AB45276D28A2D54100BC7156 /* People */ = {
			isa = PBXNativeTarget;
			buildConfigurationList = AB45277C28A2D54400BC7156 /* Build configuration list for PBXNativeTarget "People" */;
			buildPhases = (
				AB45276A28A2D54100BC7156 /* Sources */,
				AB45276B28A2D54100BC7156 /* Frameworks */,
				AB45276C28A2D54100BC7156 /* Resources */,
			);
			buildRules = (
			);
			dependencies = (
			);
			name = People;
			productName = People;
			productReference = AB45276E28A2D54100BC7156 /* People.app */;
			productType = "com.apple.product-type.application";
		};
		ABA663B928C1098800EA54C2 /* PeopleTestsUnitTests */ = {
			isa = PBXNativeTarget;
			buildConfigurationList = ABA663C228C1098900EA54C2 /* Build configuration list for PBXNativeTarget "PeopleTestsUnitTests" */;
			buildPhases = (
				ABA663B628C1098800EA54C2 /* Sources */,
				ABA663B728C1098800EA54C2 /* Frameworks */,
				ABA663B828C1098800EA54C2 /* Resources */,
			);
			buildRules = (
			);
			dependencies = (
				ABA663BF28C1098800EA54C2 /* PBXTargetDependency */,
			);
			name = PeopleTestsUnitTests;
			productName = PeopleTestsUnitTests;
			productReference = ABA663BA28C1098800EA54C2 /* PeopleTestsUnitTests.xctest */;
			productType = "com.apple.product-type.bundle.unit-test";
		};
/* End PBXNativeTarget section */

/* Begin PBXProject section */
		AB45276628A2D54100BC7156 /* Project object */ = {
			isa = PBXProject;
			attributes = {
				BuildIndependentTargetsInParallel = 1;
				LastSwiftUpdateCheck = 1340;
				LastUpgradeCheck = 1340;
				TargetAttributes = {
					AB43CC3128CC1B99007C403A = {
						CreatedOnToolsVersion = 13.4.1;
						TestTargetID = AB45276D28A2D54100BC7156;
					};
					AB45276D28A2D54100BC7156 = {
						CreatedOnToolsVersion = 13.4.1;
					};
					ABA663B928C1098800EA54C2 = {
						CreatedOnToolsVersion = 13.4.1;
						TestTargetID = AB45276D28A2D54100BC7156;
					};
				};
			};
			buildConfigurationList = AB45276928A2D54100BC7156 /* Build configuration list for PBXProject "People" */;
			compatibilityVersion = "Xcode 13.0";
			developmentRegion = en;
			hasScannedForEncodings = 0;
			knownRegions = (
				en,
				Base,
			);
			mainGroup = AB45276528A2D54100BC7156;
			productRefGroup = AB45276F28A2D54100BC7156 /* Products */;
			projectDirPath = "";
			projectRoot = "";
			targets = (
				AB45276D28A2D54100BC7156 /* People */,
				ABA663B928C1098800EA54C2 /* PeopleTestsUnitTests */,
				AB43CC3128CC1B99007C403A /* PeopleUITests */,
			);
		};
/* End PBXProject section */

/* Begin PBXResourcesBuildPhase section */
		AB43CC3028CC1B99007C403A /* Resources */ = {
			isa = PBXResourcesBuildPhase;
			buildActionMask = 2147483647;
			files = (
			);
			runOnlyForDeploymentPostprocessing = 0;
		};
		AB45276C28A2D54100BC7156 /* Resources */ = {
			isa = PBXResourcesBuildPhase;
			buildActionMask = 2147483647;
			files = (
				AB45277928A2D54400BC7156 /* Preview Assets.xcassets in Resources */,
				ABF81D1A28A822C0004212FA /* SingleUser.json in Resources */,
				ABF81D1C28A822D0004212FA /* Users.json in Resources */,
				AB45277628A2D54400BC7156 /* Assets.xcassets in Resources */,
			);
			runOnlyForDeploymentPostprocessing = 0;
		};
		ABA663B828C1098800EA54C2 /* Resources */ = {
			isa = PBXResourcesBuildPhase;
			buildActionMask = 2147483647;
			files = (
			);
			runOnlyForDeploymentPostprocessing = 0;
		};
/* End PBXResourcesBuildPhase section */

/* Begin PBXSourcesBuildPhase section */
		AB43CC2E28CC1B99007C403A /* Sources */ = {
			isa = PBXSourcesBuildPhase;
			buildActionMask = 2147483647;
			files = (
				AB43CC3528CC1B99007C403A /* PeopleScreenUITests.swift in Sources */,
				AB1A042F28D2318D00B777AA /* DetailsFailureUITests.swift in Sources */,
				AB0FEB8728D3784C002672AA /* CreateScreenUIValidTests.swift in Sources */,
				AB43CC3728CC1B99007C403A /* PeopleUITestsLaunchTests.swift in Sources */,
				AB1A042D28D0E22600B777AA /* DetailsUITests.swift in Sources */,
				AB1A042A28CFE43D00B777AA /* PeopleFailureUITests.swift in Sources */,
			);
			runOnlyForDeploymentPostprocessing = 0;
		};
		AB45276A28A2D54100BC7156 /* Sources */ = {
			isa = PBXSourcesBuildPhase;
			buildActionMask = 2147483647;
			files = (
				AB94C30D28B2B60B005BF1DA /* DetailViewModel.swift in Sources */,
				ABDD414E28B8070000670CC2 /* SettingsView.swift in Sources */,
				ABF81D2728A82462004212FA /* StaticJSONMapper.swift in Sources */,
				AB94C30A28B2B1C0005BF1DA /* PeopleViewModel.swift in Sources */,
				AB1A042028CFDD6700B777AA /* NetworkingManagerCreateFailureMock.swift in Sources */,
				AB1A042828CFDD8C00B777AA /* CreateValidatorFailureMock.swift in Sources */,
				ABF81D3128AABE2A004212FA /* PreviewProvider.swift in Sources */,
				ABDD414928B8059900670CC2 /* HapticsManager.swift in Sources */,
				AB45278028A2D95B00BC7156 /* Symbols.swift in Sources */,
				AB94C31428B4243F005BF1DA /* CreateViewModel.swift in Sources */,
				AB1A041B28CFDA2000B777AA /* UITestingHelper.swift in Sources */,
				AB1A041F28CFDD5B00B777AA /* NetworkingManagerCreateSuccessMock.swift in Sources */,
				AB1A042328CFDD7800B777AA /* NetworkingManagerUserResponseSuccessMock.swift in Sources */,
				AB1A042728CFDD8800B777AA /* CreateValidatorSuccessMock.swift in Sources */,
				AB1A042428CFDD7C00B777AA /* NetworkingManagerUserResponseFailureMock.swift in Sources */,
				AB163C0528B0042200307A79 /* NetworkingManager.swift in Sources */,
				AB1A042228CFDD7300B777AA /* NetworkingManagerUserDetailsFailureMock.swift in Sources */,
				ABDD414628B6C77D00670CC2 /* CreateValidator.swift in Sources */,
				ABF81D2928A9AE6E004212FA /* PeopleView.swift in Sources */,
				AB1A042628CFDD8300B777AA /* MockURLSessionProtocol.swift in Sources */,
				ABDEF4A128AEFF5D009E332C /* CreateView.swift in Sources */,
				AB45278328A2DB0800BC7156 /* Theme.swift in Sources */,
				AB45277428A2D54100BC7156 /* ContentView.swift in Sources */,
				ABF81D1F28A8238F004212FA /* UserDetail.swift in Sources */,
				AB94C30F28B4218B005BF1DA /* NewPerson.swift in Sources */,
				ABF81D3628AABF8D004212FA /* DetailView.swift in Sources */,
				AB1A042128CFDD6C00B777AA /* NetworkingManagerUsersDetailsResponseSuccessMock.swift in Sources */,
				ABF81D2E28A9B76E004212FA /* PillView.swift in Sources */,
				ABF81D2B28A9B615004212FA /* PersonCellView.swift in Sources */,
				AB45277228A2D54100BC7156 /* PeopleApp.swift in Sources */,
				ABDD415128B807F200670CC2 /* UserDefaults.swift in Sources */,
				ABF81D2128A823C1004212FA /* UsersResponse.swift in Sources */,
				ABDD414328B6C46E00670CC2 /* CheckmarkView.swift in Sources */,
				ABF81D2428A8243A004212FA /* User.swift in Sources */,
				ABD9748728B9CEDF009CA2AA /* Endpoint.swift in Sources */,
			);
			runOnlyForDeploymentPostprocessing = 0;
		};
		ABA663B628C1098800EA54C2 /* Sources */ = {
			isa = PBXSourcesBuildPhase;
			buildActionMask = 2147483647;
			files = (
				AB6EB97E28C92FA300D65A12 /* PeopleViewModelFailureTests.swift in Sources */,
				ABF5557A28C147D700938F80 /* CreateFormValidatorTests.swift in Sources */,
				AB43CC2128CC13B4007C403A /* CreateViewModelValidationFailureTests.swift in Sources */,
				AB43CC1C28CAF451007C403A /* DetailsViewModelFailureTests.swift in Sources */,
				ABA663C528C109AD00EA54C2 /* JSONMapperTest.swift in Sources */,
				AB43CC1A28CAC488007C403A /* DetailsViewModelSuccessTests.swift in Sources */,
				AB6EB97A28C9277500D65A12 /* PeopleViewModelSuccessTests.swift in Sources */,
				AB6EB97628C7F42E00D65A12 /* NetworkingManagerTest.swift in Sources */,
				AB43CC1F28CC13A7007C403A /* CreateViewModelSuccessTests.swift in Sources */,
				AB43CC2D28CC1AA4007C403A /* CreateViewModelFailureTests.swift in Sources */,
				AB6EB97028C64B6C00D65A12 /* NetworkingEndpointTests.swift in Sources */,
			);
			runOnlyForDeploymentPostprocessing = 0;
		};
/* End PBXSourcesBuildPhase section */

/* Begin PBXTargetDependency section */
		AB43CC3928CC1B99007C403A /* PBXTargetDependency */ = {
			isa = PBXTargetDependency;
			target = AB45276D28A2D54100BC7156 /* People */;
			targetProxy = AB43CC3828CC1B99007C403A /* PBXContainerItemProxy */;
		};
		ABA663BF28C1098800EA54C2 /* PBXTargetDependency */ = {
			isa = PBXTargetDependency;
			target = AB45276D28A2D54100BC7156 /* People */;
			targetProxy = ABA663BE28C1098800EA54C2 /* PBXContainerItemProxy */;
		};
/* End PBXTargetDependency section */

/* Begin XCBuildConfiguration section */
		AB43CC3B28CC1B99007C403A /* Debug */ = {
			isa = XCBuildConfiguration;
			buildSettings = {
				CODE_SIGN_STYLE = Automatic;
				CURRENT_PROJECT_VERSION = 1;
				DEVELOPMENT_TEAM = TFC8WMVJ84;
				GCC_OPTIMIZATION_LEVEL = 0;
				GENERATE_INFOPLIST_FILE = YES;
				MARKETING_VERSION = 1.0;
				PRODUCT_BUNDLE_IDENTIFIER = com.MarshallARoss.PeopleUITests;
				PRODUCT_NAME = "$(TARGET_NAME)";
				SWIFT_EMIT_LOC_STRINGS = NO;
				SWIFT_VERSION = 5.0;
				TARGETED_DEVICE_FAMILY = "1,2";
				TEST_TARGET_NAME = People;
			};
			name = Debug;
		};
		AB43CC3C28CC1B99007C403A /* Release */ = {
			isa = XCBuildConfiguration;
			buildSettings = {
				CODE_SIGN_STYLE = Automatic;
				CURRENT_PROJECT_VERSION = 1;
				DEVELOPMENT_TEAM = TFC8WMVJ84;
				GENERATE_INFOPLIST_FILE = YES;
				MARKETING_VERSION = 1.0;
				PRODUCT_BUNDLE_IDENTIFIER = com.MarshallARoss.PeopleUITests;
				PRODUCT_NAME = "$(TARGET_NAME)";
				SWIFT_EMIT_LOC_STRINGS = NO;
				SWIFT_VERSION = 5.0;
				TARGETED_DEVICE_FAMILY = "1,2";
				TEST_TARGET_NAME = People;
			};
			name = Release;
		};
		AB45277A28A2D54400BC7156 /* Debug */ = {
			isa = XCBuildConfiguration;
			buildSettings = {
				ALWAYS_SEARCH_USER_PATHS = NO;
				CLANG_ANALYZER_NONNULL = YES;
				CLANG_ANALYZER_NUMBER_OBJECT_CONVERSION = YES_AGGRESSIVE;
				CLANG_CXX_LANGUAGE_STANDARD = "gnu++17";
				CLANG_ENABLE_MODULES = YES;
				CLANG_ENABLE_OBJC_ARC = YES;
				CLANG_ENABLE_OBJC_WEAK = YES;
				CLANG_WARN_BLOCK_CAPTURE_AUTORELEASING = YES;
				CLANG_WARN_BOOL_CONVERSION = YES;
				CLANG_WARN_COMMA = YES;
				CLANG_WARN_CONSTANT_CONVERSION = YES;
				CLANG_WARN_DEPRECATED_OBJC_IMPLEMENTATIONS = YES;
				CLANG_WARN_DIRECT_OBJC_ISA_USAGE = YES_ERROR;
				CLANG_WARN_DOCUMENTATION_COMMENTS = YES;
				CLANG_WARN_EMPTY_BODY = YES;
				CLANG_WARN_ENUM_CONVERSION = YES;
				CLANG_WARN_INFINITE_RECURSION = YES;
				CLANG_WARN_INT_CONVERSION = YES;
				CLANG_WARN_NON_LITERAL_NULL_CONVERSION = YES;
				CLANG_WARN_OBJC_IMPLICIT_RETAIN_SELF = YES;
				CLANG_WARN_OBJC_LITERAL_CONVERSION = YES;
				CLANG_WARN_OBJC_ROOT_CLASS = YES_ERROR;
				CLANG_WARN_QUOTED_INCLUDE_IN_FRAMEWORK_HEADER = YES;
				CLANG_WARN_RANGE_LOOP_ANALYSIS = YES;
				CLANG_WARN_STRICT_PROTOTYPES = YES;
				CLANG_WARN_SUSPICIOUS_MOVE = YES;
				CLANG_WARN_UNGUARDED_AVAILABILITY = YES_AGGRESSIVE;
				CLANG_WARN_UNREACHABLE_CODE = YES;
				CLANG_WARN__DUPLICATE_METHOD_MATCH = YES;
				COPY_PHASE_STRIP = NO;
				DEBUG_INFORMATION_FORMAT = dwarf;
				ENABLE_STRICT_OBJC_MSGSEND = YES;
				ENABLE_TESTABILITY = YES;
				GCC_C_LANGUAGE_STANDARD = gnu11;
				GCC_DYNAMIC_NO_PIC = NO;
				GCC_NO_COMMON_BLOCKS = YES;
				GCC_OPTIMIZATION_LEVEL = 3;
				GCC_PREPROCESSOR_DEFINITIONS = (
					"DEBUG=1",
					"$(inherited)",
				);
				GCC_WARN_64_TO_32_BIT_CONVERSION = YES;
				GCC_WARN_ABOUT_RETURN_TYPE = YES_ERROR;
				GCC_WARN_UNDECLARED_SELECTOR = YES;
				GCC_WARN_UNINITIALIZED_AUTOS = YES_AGGRESSIVE;
				GCC_WARN_UNUSED_FUNCTION = YES;
				GCC_WARN_UNUSED_VARIABLE = YES;
				IPHONEOS_DEPLOYMENT_TARGET = 15.5;
				MTL_ENABLE_DEBUG_INFO = INCLUDE_SOURCE;
				MTL_FAST_MATH = YES;
				ONLY_ACTIVE_ARCH = YES;
				SDKROOT = iphoneos;
				SWIFT_ACTIVE_COMPILATION_CONDITIONS = DEBUG;
				SWIFT_OPTIMIZATION_LEVEL = "-Onone";
			};
			name = Debug;
		};
		AB45277B28A2D54400BC7156 /* Release */ = {
			isa = XCBuildConfiguration;
			buildSettings = {
				ALWAYS_SEARCH_USER_PATHS = NO;
				CLANG_ANALYZER_NONNULL = YES;
				CLANG_ANALYZER_NUMBER_OBJECT_CONVERSION = YES_AGGRESSIVE;
				CLANG_CXX_LANGUAGE_STANDARD = "gnu++17";
				CLANG_ENABLE_MODULES = YES;
				CLANG_ENABLE_OBJC_ARC = YES;
				CLANG_ENABLE_OBJC_WEAK = YES;
				CLANG_WARN_BLOCK_CAPTURE_AUTORELEASING = YES;
				CLANG_WARN_BOOL_CONVERSION = YES;
				CLANG_WARN_COMMA = YES;
				CLANG_WARN_CONSTANT_CONVERSION = YES;
				CLANG_WARN_DEPRECATED_OBJC_IMPLEMENTATIONS = YES;
				CLANG_WARN_DIRECT_OBJC_ISA_USAGE = YES_ERROR;
				CLANG_WARN_DOCUMENTATION_COMMENTS = YES;
				CLANG_WARN_EMPTY_BODY = YES;
				CLANG_WARN_ENUM_CONVERSION = YES;
				CLANG_WARN_INFINITE_RECURSION = YES;
				CLANG_WARN_INT_CONVERSION = YES;
				CLANG_WARN_NON_LITERAL_NULL_CONVERSION = YES;
				CLANG_WARN_OBJC_IMPLICIT_RETAIN_SELF = YES;
				CLANG_WARN_OBJC_LITERAL_CONVERSION = YES;
				CLANG_WARN_OBJC_ROOT_CLASS = YES_ERROR;
				CLANG_WARN_QUOTED_INCLUDE_IN_FRAMEWORK_HEADER = YES;
				CLANG_WARN_RANGE_LOOP_ANALYSIS = YES;
				CLANG_WARN_STRICT_PROTOTYPES = YES;
				CLANG_WARN_SUSPICIOUS_MOVE = YES;
				CLANG_WARN_UNGUARDED_AVAILABILITY = YES_AGGRESSIVE;
				CLANG_WARN_UNREACHABLE_CODE = YES;
				CLANG_WARN__DUPLICATE_METHOD_MATCH = YES;
				COPY_PHASE_STRIP = NO;
				DEBUG_INFORMATION_FORMAT = "dwarf-with-dsym";
				ENABLE_NS_ASSERTIONS = NO;
				ENABLE_STRICT_OBJC_MSGSEND = YES;
				GCC_C_LANGUAGE_STANDARD = gnu11;
				GCC_NO_COMMON_BLOCKS = YES;
				GCC_OPTIMIZATION_LEVEL = 3;
				GCC_WARN_64_TO_32_BIT_CONVERSION = YES;
				GCC_WARN_ABOUT_RETURN_TYPE = YES_ERROR;
				GCC_WARN_UNDECLARED_SELECTOR = YES;
				GCC_WARN_UNINITIALIZED_AUTOS = YES_AGGRESSIVE;
				GCC_WARN_UNUSED_FUNCTION = YES;
				GCC_WARN_UNUSED_VARIABLE = YES;
				IPHONEOS_DEPLOYMENT_TARGET = 15.5;
				MTL_ENABLE_DEBUG_INFO = NO;
				MTL_FAST_MATH = YES;
				SDKROOT = iphoneos;
				SWIFT_COMPILATION_MODE = wholemodule;
				SWIFT_OPTIMIZATION_LEVEL = "-O";
				VALIDATE_PRODUCT = YES;
			};
			name = Release;
		};
		AB45277D28A2D54400BC7156 /* Debug */ = {
			isa = XCBuildConfiguration;
			buildSettings = {
				ASSETCATALOG_COMPILER_APPICON_NAME = AppIcon;
				ASSETCATALOG_COMPILER_GLOBAL_ACCENT_COLOR_NAME = AccentColor;
				CODE_SIGN_STYLE = Automatic;
				CURRENT_PROJECT_VERSION = 1;
				DEVELOPMENT_ASSET_PATHS = "\"People/Preview Content\"";
				DEVELOPMENT_TEAM = TFC8WMVJ84;
				ENABLE_PREVIEWS = YES;
				GENERATE_INFOPLIST_FILE = YES;
				INFOPLIST_FILE = People/Info.plist;
				INFOPLIST_KEY_UIApplicationSceneManifest_Generation = YES;
				INFOPLIST_KEY_UIApplicationSupportsIndirectInputEvents = YES;
				INFOPLIST_KEY_UISupportedInterfaceOrientations_iPad = "UIInterfaceOrientationPortrait UIInterfaceOrientationPortraitUpsideDown UIInterfaceOrientationLandscapeLeft UIInterfaceOrientationLandscapeRight";
				INFOPLIST_KEY_UISupportedInterfaceOrientations_iPhone = "UIInterfaceOrientationPortrait UIInterfaceOrientationLandscapeLeft UIInterfaceOrientationLandscapeRight";
				LD_RUNPATH_SEARCH_PATHS = (
					"$(inherited)",
					"@executable_path/Frameworks",
				);
				MARKETING_VERSION = 1.0;
				PRODUCT_BUNDLE_IDENTIFIER = com.MarshallARoss.People;
				PRODUCT_NAME = "$(TARGET_NAME)";
				SWIFT_EMIT_LOC_STRINGS = YES;
				SWIFT_VERSION = 5.0;
				TARGETED_DEVICE_FAMILY = "1,2";
			};
			name = Debug;
		};
		AB45277E28A2D54400BC7156 /* Release */ = {
			isa = XCBuildConfiguration;
			buildSettings = {
				ASSETCATALOG_COMPILER_APPICON_NAME = AppIcon;
				ASSETCATALOG_COMPILER_GLOBAL_ACCENT_COLOR_NAME = AccentColor;
				CODE_SIGN_STYLE = Automatic;
				CURRENT_PROJECT_VERSION = 1;
				DEVELOPMENT_ASSET_PATHS = "\"People/Preview Content\"";
				DEVELOPMENT_TEAM = TFC8WMVJ84;
				ENABLE_PREVIEWS = YES;
				GENERATE_INFOPLIST_FILE = YES;
				INFOPLIST_FILE = People/Info.plist;
				INFOPLIST_KEY_UIApplicationSceneManifest_Generation = YES;
				INFOPLIST_KEY_UIApplicationSupportsIndirectInputEvents = YES;
				INFOPLIST_KEY_UISupportedInterfaceOrientations_iPad = "UIInterfaceOrientationPortrait UIInterfaceOrientationPortraitUpsideDown UIInterfaceOrientationLandscapeLeft UIInterfaceOrientationLandscapeRight";
				INFOPLIST_KEY_UISupportedInterfaceOrientations_iPhone = "UIInterfaceOrientationPortrait UIInterfaceOrientationLandscapeLeft UIInterfaceOrientationLandscapeRight";
				LD_RUNPATH_SEARCH_PATHS = (
					"$(inherited)",
					"@executable_path/Frameworks",
				);
				MARKETING_VERSION = 1.0;
				PRODUCT_BUNDLE_IDENTIFIER = com.MarshallARoss.People;
				PRODUCT_NAME = "$(TARGET_NAME)";
				SWIFT_EMIT_LOC_STRINGS = YES;
				SWIFT_VERSION = 5.0;
				TARGETED_DEVICE_FAMILY = "1,2";
			};
			name = Release;
		};
		ABA663C028C1098900EA54C2 /* Debug */ = {
			isa = XCBuildConfiguration;
			buildSettings = {
				BUNDLE_LOADER = "$(TEST_HOST)";
				CODE_SIGN_STYLE = Automatic;
				CURRENT_PROJECT_VERSION = 1;
				DEVELOPMENT_TEAM = TFC8WMVJ84;
				GCC_OPTIMIZATION_LEVEL = 0;
				GENERATE_INFOPLIST_FILE = YES;
				MARKETING_VERSION = 1.0;
				PRODUCT_BUNDLE_IDENTIFIER = com.MarshallARoss.PeopleTestsUnitTests;
				PRODUCT_NAME = "$(TARGET_NAME)";
				SWIFT_EMIT_LOC_STRINGS = NO;
				SWIFT_VERSION = 5.0;
				TARGETED_DEVICE_FAMILY = "1,2";
				TEST_HOST = "$(BUILT_PRODUCTS_DIR)/People.app/People";
			};
			name = Debug;
		};
		ABA663C128C1098900EA54C2 /* Release */ = {
			isa = XCBuildConfiguration;
			buildSettings = {
				BUNDLE_LOADER = "$(TEST_HOST)";
				CODE_SIGN_STYLE = Automatic;
				CURRENT_PROJECT_VERSION = 1;
				DEVELOPMENT_TEAM = TFC8WMVJ84;
				GENERATE_INFOPLIST_FILE = YES;
				MARKETING_VERSION = 1.0;
				PRODUCT_BUNDLE_IDENTIFIER = com.MarshallARoss.PeopleTestsUnitTests;
				PRODUCT_NAME = "$(TARGET_NAME)";
				SWIFT_EMIT_LOC_STRINGS = NO;
				SWIFT_VERSION = 5.0;
				TARGETED_DEVICE_FAMILY = "1,2";
				TEST_HOST = "$(BUILT_PRODUCTS_DIR)/People.app/People";
			};
			name = Release;
		};
/* End XCBuildConfiguration section */

/* Begin XCConfigurationList section */
		AB43CC3A28CC1B99007C403A /* Build configuration list for PBXNativeTarget "PeopleUITests" */ = {
			isa = XCConfigurationList;
			buildConfigurations = (
				AB43CC3B28CC1B99007C403A /* Debug */,
				AB43CC3C28CC1B99007C403A /* Release */,
			);
			defaultConfigurationIsVisible = 0;
			defaultConfigurationName = Release;
		};
		AB45276928A2D54100BC7156 /* Build configuration list for PBXProject "People" */ = {
			isa = XCConfigurationList;
			buildConfigurations = (
				AB45277A28A2D54400BC7156 /* Debug */,
				AB45277B28A2D54400BC7156 /* Release */,
			);
			defaultConfigurationIsVisible = 0;
			defaultConfigurationName = Release;
		};
		AB45277C28A2D54400BC7156 /* Build configuration list for PBXNativeTarget "People" */ = {
			isa = XCConfigurationList;
			buildConfigurations = (
				AB45277D28A2D54400BC7156 /* Debug */,
				AB45277E28A2D54400BC7156 /* Release */,
			);
			defaultConfigurationIsVisible = 0;
			defaultConfigurationName = Release;
		};
		ABA663C228C1098900EA54C2 /* Build configuration list for PBXNativeTarget "PeopleTestsUnitTests" */ = {
			isa = XCConfigurationList;
			buildConfigurations = (
				ABA663C028C1098900EA54C2 /* Debug */,
				ABA663C128C1098900EA54C2 /* Release */,
			);
			defaultConfigurationIsVisible = 0;
			defaultConfigurationName = Release;
		};
/* End XCConfigurationList section */
	};
	rootObject = AB45276628A2D54100BC7156 /* Project object */;
}
